{
  "name": "canonn-decryptor",
  "version": "1.5.0",
  "lockfileVersion": 3,
  "requires": true,
  "packages": {
    "": {
      "name": "canonn-decryptor",
      "version": "1.5.0",
      "license": "MIT",
      "dependencies": {
        "@angular/common": "^21.2.7",
        "@angular/compiler": "^21.2.7",
        "@angular/core": "^21.2.7",
        "@angular/forms": "^21.2.7",
        "@angular/platform-browser": "^21.2.7",
        "@angular/platform-browser-dynamic": "^21.2.7",
        "@angular/router": "^21.2.7",
        "base64-js": "^1.5.1",
        "lz-string": "^1.5.0",
        "tslib": "^2.8.1",
        "zone.js": "^0.16.1"
      },
      "devDependencies": {
        "@kayahr/assert": "1.4.1",
        "@kayahr/cspell": "9.7.0-bundle.1",
        "@kayahr/npm-utils": "1.1.2",
        "@kayahr/ntest": "1.3.0",
        "@kayahr/oxlint-config": "1.32.0",
        "@kayahr/typedoc": "0.28.18-bundle.1",
        "@types/node": "25.5.0",
        "esbuild": "0.28.0",
        "esbuild-copy-static-files": "0.1.0",
        "typescript": "6.0.2"
      },
      "funding": {
        "url": "https://github.com/kayahr/canonn-decryptor?sponsor=1"
      }
    },
    "node_modules/@angular/common": {
      "version": "21.2.7",
      "resolved": "https://registry.npmjs.org/@angular/common/-/common-21.2.7.tgz",
      "integrity": "sha512-YFdnU5z8JloJjLYa52OyCOULQhqEE/ym7vKfABySWDsiVXZr9FNmKMeZi/lUcg7ZO22UbBihqW9a9D6VSHOo+g==",
      "license": "MIT",
      "dependencies": {
        "tslib": "^2.3.0"
      },
      "engines": {
        "node": "^20.19.0 || ^22.12.0 || >=24.0.0"
      },
      "peerDependencies": {
        "@angular/core": "21.2.7",
        "rxjs": "^6.5.3 || ^7.4.0"
      }
    },
    "node_modules/@angular/compiler": {
      "version": "21.2.7",
      "resolved": "https://registry.npmjs.org/@angular/compiler/-/compiler-21.2.7.tgz",
      "integrity": "sha512-4J0Nl5gGmr5SKgR3FHK4J6rdG0aP5zAsY3AJU8YXH+D98CeNTjQUD8XHsdD2cTwo08V5mDdFa5VCsREpMPJ5gQ==",
      "license": "MIT",
      "dependencies": {
        "tslib": "^2.3.0"
      },
      "engines": {
        "node": "^20.19.0 || ^22.12.0 || >=24.0.0"
      }
    },
    "node_modules/@angular/core": {
      "version": "21.2.7",
      "resolved": "https://registry.npmjs.org/@angular/core/-/core-21.2.7.tgz",
      "integrity": "sha512-4bnskeRNNOZMn3buVw47Zz9Py4B8AZgYHe5xBEMOY5/yrldb7OFje5gWCWls23P18FKwhl+Xx1hgnOEPSs29gw==",
      "license": "MIT",
      "dependencies": {
        "tslib": "^2.3.0"
      },
      "engines": {
        "node": "^20.19.0 || ^22.12.0 || >=24.0.0"
      },
      "peerDependencies": {
        "@angular/compiler": "21.2.7",
        "rxjs": "^6.5.3 || ^7.4.0",
        "zone.js": "~0.15.0 || ~0.16.0"
      },
      "peerDependenciesMeta": {
        "@angular/compiler": {
          "optional": true
        },
        "zone.js": {
          "optional": true
        }
      }
    },
    "node_modules/@angular/forms": {
      "version": "21.2.7",
      "resolved": "https://registry.npmjs.org/@angular/forms/-/forms-21.2.7.tgz",
      "integrity": "sha512-YD/h07cdEeAUs41ysTk6820T0lG/XiQmFiq02d3IsiHYI5Vaj2pg9Ti1wWZYEBM//hVAPTzV0dwdV7Q1Gxju1w==",
      "license": "MIT",
      "dependencies": {
        "@standard-schema/spec": "^1.0.0",
        "tslib": "^2.3.0"
      },
      "engines": {
        "node": "^20.19.0 || ^22.12.0 || >=24.0.0"
      },
      "peerDependencies": {
        "@angular/common": "21.2.7",
        "@angular/core": "21.2.7",
        "@angular/platform-browser": "21.2.7",
        "rxjs": "^6.5.3 || ^7.4.0"
      }
    },
    "node_modules/@angular/platform-browser": {
      "version": "21.2.7",
      "resolved": "https://registry.npmjs.org/@angular/platform-browser/-/platform-browser-21.2.7.tgz",
      "integrity": "sha512-nklVhstRZL4wpYg9Cyae/Eyfa7LMpgb0TyD/F//qCuohhM8nM7F+O0ekykGD6H+I34jsvqx6yLS7MicndWVz7Q==",
      "license": "MIT",
      "dependencies": {
        "tslib": "^2.3.0"
      },
      "engines": {
        "node": "^20.19.0 || ^22.12.0 || >=24.0.0"
      },
      "peerDependencies": {
        "@angular/animations": "21.2.7",
        "@angular/common": "21.2.7",
        "@angular/core": "21.2.7"
      },
      "peerDependenciesMeta": {
        "@angular/animations": {
          "optional": true
        }
      }
    },
    "node_modules/@angular/platform-browser-dynamic": {
      "version": "21.2.7",
      "resolved": "https://registry.npmjs.org/@angular/platform-browser-dynamic/-/platform-browser-dynamic-21.2.7.tgz",
      "integrity": "sha512-P7s9ABgJqRyUS5HNRJFRr15xaXbWfSH9KjSxkBYYJbXIA986uGb6qjnHepu+2xMyZDlt2nd9Ms+t4M60/GM+FQ==",
      "license": "MIT",
      "dependencies": {
        "tslib": "^2.3.0"
      },
      "engines": {
        "node": "^20.19.0 || ^22.12.0 || >=24.0.0"
      },
      "peerDependencies": {
        "@angular/common": "21.2.7",
        "@angular/compiler": "21.2.7",
        "@angular/core": "21.2.7",
        "@angular/platform-browser": "21.2.7"
      }
    },
    "node_modules/@angular/router": {
      "version": "21.2.7",
      "resolved": "https://registry.npmjs.org/@angular/router/-/router-21.2.7.tgz",
      "integrity": "sha512-Ina6XgtpvXT1OsLAomURHJGQDOkIVGrguWAOZ7+gOjsJEjUfpxTktFter+/K59KMC2yv6yneLvYSn3AswTYx7A==",
      "license": "MIT",
      "dependencies": {
        "tslib": "^2.3.0"
      },
      "engines": {
        "node": "^20.19.0 || ^22.12.0 || >=24.0.0"
      },
      "peerDependencies": {
        "@angular/common": "21.2.7",
        "@angular/core": "21.2.7",
        "@angular/platform-browser": "21.2.7",
        "rxjs": "^6.5.3 || ^7.4.0"
      }
    },
    "node_modules/@esbuild/aix-ppc64": {
      "version": "0.28.0",
      "resolved": "https://registry.npmjs.org/@esbuild/aix-ppc64/-/aix-ppc64-0.28.0.tgz",
      "integrity": "sha512-lhRUCeuOyJQURhTxl4WkpFTjIsbDayJHih5kZC1giwE+MhIzAb7mEsQMqMf18rHLsrb5qI1tafG20mLxEWcWlA==",
      "cpu": [
        "ppc64"
      ],
      "dev": true,
      "license": "MIT",
      "optional": true,
      "os": [
        "aix"
      ],
      "engines": {
        "node": ">=18"
      }
    },
    "node_modules/@esbuild/android-arm": {
      "version": "0.28.0",
      "resolved": "https://registry.npmjs.org/@esbuild/android-arm/-/android-arm-0.28.0.tgz",
      "integrity": "sha512-wqh0ByljabXLKHeWXYLqoJ5jKC4XBaw6Hk08OfMrCRd2nP2ZQ5eleDZC41XHyCNgktBGYMbqnrJKq/K/lzPMSQ==",
      "cpu": [
        "arm"
      ],
      "dev": true,
      "license": "MIT",
      "optional": true,
      "os": [
        "android"
      ],
      "engines": {
        "node": ">=18"
      }
    },
    "node_modules/@esbuild/android-arm64": {
      "version": "0.28.0",
      "resolved": "https://registry.npmjs.org/@esbuild/android-arm64/-/android-arm64-0.28.0.tgz",
      "integrity": "sha512-+WzIXQOSaGs33tLEgYPYe/yQHf0WTU0X42Jca3y8NWMbUVhp7rUnw+vAsRC/QiDrdD31IszMrZy+qwPOPjd+rw==",
      "cpu": [
        "arm64"
      ],
      "dev": true,
      "license": "MIT",
      "optional": true,
      "os": [
        "android"
      ],
      "engines": {
        "node": ">=18"
      }
    },
    "node_modules/@esbuild/android-x64": {
      "version": "0.28.0",
      "resolved": "https://registry.npmjs.org/@esbuild/android-x64/-/android-x64-0.28.0.tgz",
      "integrity": "sha512-+VJggoaKhk2VNNqVL7f6S189UzShHC/mR9EE8rDdSkdpN0KflSwWY/gWjDrNxxisg8Fp1ZCD9jLMo4m0OUfeUA==",
      "cpu": [
        "x64"
      ],
      "dev": true,
      "license": "MIT",
      "optional": true,
      "os": [
        "android"
      ],
      "engines": {
        "node": ">=18"
      }
    },
    "node_modules/@esbuild/darwin-arm64": {
      "version": "0.28.0",
      "resolved": "https://registry.npmjs.org/@esbuild/darwin-arm64/-/darwin-arm64-0.28.0.tgz",
      "integrity": "sha512-0T+A9WZm+bZ84nZBtk1ckYsOvyA3x7e2Acj1KdVfV4/2tdG4fzUp91YHx+GArWLtwqp77pBXVCPn2We7Letr0Q==",
      "cpu": [
        "arm64"
      ],
      "dev": true,
      "license": "MIT",
      "optional": true,
      "os": [
        "darwin"
      ],
      "engines": {
        "node": ">=18"
      }
    },
    "node_modules/@esbuild/darwin-x64": {
      "version": "0.28.0",
      "resolved": "https://registry.npmjs.org/@esbuild/darwin-x64/-/darwin-x64-0.28.0.tgz",
      "integrity": "sha512-fyzLm/DLDl/84OCfp2f/XQ4flmORsjU7VKt8HLjvIXChJoFFOIL6pLJPH4Yhd1n1gGFF9mPwtlN5Wf82DZs+LQ==",
      "cpu": [
        "x64"
      ],
      "dev": true,
      "license": "MIT",
      "optional": true,
      "os": [
        "darwin"
      ],
      "engines": {
        "node": ">=18"
      }
    },
    "node_modules/@esbuild/freebsd-arm64": {
      "version": "0.28.0",
      "resolved": "https://registry.npmjs.org/@esbuild/freebsd-arm64/-/freebsd-arm64-0.28.0.tgz",
      "integrity": "sha512-l9GeW5UZBT9k9brBYI+0WDffcRxgHQD8ShN2Ur4xWq/NFzUKm3k5lsH4PdaRgb2w7mI9u61nr2gI2mLI27Nh3Q==",
      "cpu": [
        "arm64"
      ],
      "dev": true,
      "license": "MIT",
      "optional": true,
      "os": [
        "freebsd"
      ],
      "engines": {
        "node": ">=18"
      }
    },
    "node_modules/@esbuild/freebsd-x64": {
      "version": "0.28.0",
      "resolved": "https://registry.npmjs.org/@esbuild/freebsd-x64/-/freebsd-x64-0.28.0.tgz",
      "integrity": "sha512-BXoQai/A0wPO6Es3yFJ7APCiKGc1tdAEOgeTNy3SsB491S3aHn4S4r3e976eUnPdU+NbdtmBuLncYir2tMU9Nw==",
      "cpu": [
        "x64"
      ],
      "dev": true,
      "license": "MIT",
      "optional": true,
      "os": [
        "freebsd"
      ],
      "engines": {
        "node": ">=18"
      }
    },
    "node_modules/@esbuild/linux-arm": {
      "version": "0.28.0",
      "resolved": "https://registry.npmjs.org/@esbuild/linux-arm/-/linux-arm-0.28.0.tgz",
      "integrity": "sha512-CjaaREJagqJp7iTaNQjjidaNbCKYcd4IDkzbwwxtSvjI7NZm79qiHc8HqciMddQ6CKvJT6aBd8lO9kN/ZudLlw==",
      "cpu": [
        "arm"
      ],
      "dev": true,
      "license": "MIT",
      "optional": true,
      "os": [
        "linux"
      ],
      "engines": {
        "node": ">=18"
      }
    },
    "node_modules/@esbuild/linux-arm64": {
      "version": "0.28.0",
      "resolved": "https://registry.npmjs.org/@esbuild/linux-arm64/-/linux-arm64-0.28.0.tgz",
      "integrity": "sha512-RVyzfb3FWsGA55n6WY0MEIEPURL1FcbhFE6BffZEMEekfCzCIMtB5yyDcFnVbTnwk+CLAgTujmV/Lgvih56W+A==",
      "cpu": [
        "arm64"
      ],
      "dev": true,
      "license": "MIT",
      "optional": true,
      "os": [
        "linux"
      ],
      "engines": {
        "node": ">=18"
      }
    },
    "node_modules/@esbuild/linux-ia32": {
      "version": "0.28.0",
      "resolved": "https://registry.npmjs.org/@esbuild/linux-ia32/-/linux-ia32-0.28.0.tgz",
      "integrity": "sha512-KBnSTt1kxl9x70q+ydterVdl+Cn0H18ngRMRCEQfrbqdUuntQQ0LoMZv47uB97NljZFzY6HcfqEZ2SAyIUTQBQ==",
      "cpu": [
        "ia32"
      ],
      "dev": true,
      "license": "MIT",
      "optional": true,
      "os": [
        "linux"
      ],
      "engines": {
        "node": ">=18"
      }
    },
    "node_modules/@esbuild/linux-loong64": {
      "version": "0.28.0",
      "resolved": "https://registry.npmjs.org/@esbuild/linux-loong64/-/linux-loong64-0.28.0.tgz",
      "integrity": "sha512-zpSlUce1mnxzgBADvxKXX5sl8aYQHo2ezvMNI8I0lbblJtp8V4odlm3Yzlj7gPyt3T8ReksE6bK+pT3WD+aJRg==",
      "cpu": [
        "loong64"
      ],
      "dev": true,
      "license": "MIT",
      "optional": true,
      "os": [
        "linux"
      ],
      "engines": {
        "node": ">=18"
      }
    },
    "node_modules/@esbuild/linux-mips64el": {
      "version": "0.28.0",
      "resolved": "https://registry.npmjs.org/@esbuild/linux-mips64el/-/linux-mips64el-0.28.0.tgz",
      "integrity": "sha512-2jIfP6mmjkdmeTlsX/9vmdmhBmKADrWqN7zcdtHIeNSCH1SqIoNI63cYsjQR8J+wGa4Y5izRcSHSm8K3QWmk3w==",
      "cpu": [
        "mips64el"
      ],
      "dev": true,
      "license": "MIT",
      "optional": true,
      "os": [
        "linux"
      ],
      "engines": {
        "node": ">=18"
      }
    },
    "node_modules/@esbuild/linux-ppc64": {
      "version": "0.28.0",
      "resolved": "https://registry.npmjs.org/@esbuild/linux-ppc64/-/linux-ppc64-0.28.0.tgz",
      "integrity": "sha512-bc0FE9wWeC0WBm49IQMPSPILRocGTQt3j5KPCA8os6VprfuJ7KD+5PzESSrJ6GmPIPJK965ZJHTUlSA6GNYEhg==",
      "cpu": [
        "ppc64"
      ],
      "dev": true,
      "license": "MIT",
      "optional": true,
      "os": [
        "linux"
      ],
      "engines": {
        "node": ">=18"
      }
    },
    "node_modules/@esbuild/linux-riscv64": {
      "version": "0.28.0",
      "resolved": "https://registry.npmjs.org/@esbuild/linux-riscv64/-/linux-riscv64-0.28.0.tgz",
      "integrity": "sha512-SQPZOwoTTT/HXFXQJG/vBX8sOFagGqvZyXcgLA3NhIqcBv1BJU1d46c0rGcrij2B56Z2rNiSLaZOYW5cUk7yLQ==",
      "cpu": [
        "riscv64"
      ],
      "dev": true,
      "license": "MIT",
      "optional": true,
      "os": [
        "linux"
      ],
      "engines": {
        "node": ">=18"
      }
    },
    "node_modules/@esbuild/linux-s390x": {
      "version": "0.28.0",
      "resolved": "https://registry.npmjs.org/@esbuild/linux-s390x/-/linux-s390x-0.28.0.tgz",
      "integrity": "sha512-SCfR0HN8CEEjnYnySJTd2cw0k9OHB/YFzt5zgJEwa+wL/T/raGWYMBqwDNAC6dqFKmJYZoQBRfHjgwLHGSrn3Q==",
      "cpu": [
        "s390x"
      ],
      "dev": true,
      "license": "MIT",
      "optional": true,
      "os": [
        "linux"
      ],
      "engines": {
        "node": ">=18"
      }
    },
    "node_modules/@esbuild/linux-x64": {
      "version": "0.28.0",
      "resolved": "https://registry.npmjs.org/@esbuild/linux-x64/-/linux-x64-0.28.0.tgz",
      "integrity": "sha512-us0dSb9iFxIi8srnpl931Nvs65it/Jd2a2K3qs7fz2WfGPHqzfzZTfec7oxZJRNPXPnNYZtanmRc4AL/JwVzHQ==",
      "cpu": [
        "x64"
      ],
      "dev": true,
      "license": "MIT",
      "optional": true,
      "os": [
        "linux"
      ],
      "engines": {
        "node": ">=18"
      }
    },
    "node_modules/@esbuild/netbsd-arm64": {
      "version": "0.28.0",
      "resolved": "https://registry.npmjs.org/@esbuild/netbsd-arm64/-/netbsd-arm64-0.28.0.tgz",
      "integrity": "sha512-CR/RYotgtCKwtftMwJlUU7xCVNg3lMYZ0RzTmAHSfLCXw3NtZtNpswLEj/Kkf6kEL3Gw+BpOekRX0BYCtklhUw==",
      "cpu": [
        "arm64"
      ],
      "dev": true,
      "license": "MIT",
      "optional": true,
      "os": [
        "netbsd"
      ],
      "engines": {
        "node": ">=18"
      }
    },
    "node_modules/@esbuild/netbsd-x64": {
      "version": "0.28.0",
      "resolved": "https://registry.npmjs.org/@esbuild/netbsd-x64/-/netbsd-x64-0.28.0.tgz",
      "integrity": "sha512-nU1yhmYutL+fQ71Kxnhg8uEOdC0pwEW9entHykTgEbna2pw2dkbFSMeqjjyHZoCmt8SBkOSvV+yNmm94aUrrqw==",
      "cpu": [
        "x64"
      ],
      "dev": true,
      "license": "MIT",
      "optional": true,
      "os": [
        "netbsd"
      ],
      "engines": {
        "node": ">=18"
      }
    },
    "node_modules/@esbuild/openbsd-arm64": {
      "version": "0.28.0",
      "resolved": "https://registry.npmjs.org/@esbuild/openbsd-arm64/-/openbsd-arm64-0.28.0.tgz",
      "integrity": "sha512-cXb5vApOsRsxsEl4mcZ1XY3D4DzcoMxR/nnc4IyqYs0rTI8ZKmW6kyyg+11Z8yvgMfAEldKzP7AdP64HnSC/6g==",
      "cpu": [
        "arm64"
      ],
      "dev": true,
      "license": "MIT",
      "optional": true,
      "os": [
        "openbsd"
      ],
      "engines": {
        "node": ">=18"
      }
    },
    "node_modules/@esbuild/openbsd-x64": {
      "version": "0.28.0",
      "resolved": "https://registry.npmjs.org/@esbuild/openbsd-x64/-/openbsd-x64-0.28.0.tgz",
      "integrity": "sha512-8wZM2qqtv9UP3mzy7HiGYNH/zjTA355mpeuA+859TyR+e+Tc08IHYpLJuMsfpDJwoLo1ikIJI8jC3GFjnRClzA==",
      "cpu": [
        "x64"
      ],
      "dev": true,
      "license": "MIT",
      "optional": true,
      "os": [
        "openbsd"
      ],
      "engines": {
        "node": ">=18"
      }
    },
    "node_modules/@esbuild/openharmony-arm64": {
      "version": "0.28.0",
      "resolved": "https://registry.npmjs.org/@esbuild/openharmony-arm64/-/openharmony-arm64-0.28.0.tgz",
      "integrity": "sha512-FLGfyizszcef5C3YtoyQDACyg95+dndv79i2EekILBofh5wpCa1KuBqOWKrEHZg3zrL3t5ouE5jgr94vA+Wb2w==",
      "cpu": [
        "arm64"
      ],
      "dev": true,
      "license": "MIT",
      "optional": true,
      "os": [
        "openharmony"
      ],
      "engines": {
        "node": ">=18"
      }
    },
    "node_modules/@esbuild/sunos-x64": {
      "version": "0.28.0",
      "resolved": "https://registry.npmjs.org/@esbuild/sunos-x64/-/sunos-x64-0.28.0.tgz",
      "integrity": "sha512-1ZgjUoEdHZZl/YlV76TSCz9Hqj9h9YmMGAgAPYd+q4SicWNX3G5GCyx9uhQWSLcbvPW8Ni7lj4gDa1T40akdlw==",
      "cpu": [
        "x64"
      ],
      "dev": true,
      "license": "MIT",
      "optional": true,
      "os": [
        "sunos"
      ],
      "engines": {
        "node": ">=18"
      }
    },
    "node_modules/@esbuild/win32-arm64": {
      "version": "0.28.0",
      "resolved": "https://registry.npmjs.org/@esbuild/win32-arm64/-/win32-arm64-0.28.0.tgz",
      "integrity": "sha512-Q9StnDmQ/enxnpxCCLSg0oo4+34B9TdXpuyPeTedN/6+iXBJ4J+zwfQI28u/Jl40nOYAxGoNi7mFP40RUtkmUA==",
      "cpu": [
        "arm64"
      ],
      "dev": true,
      "license": "MIT",
      "optional": true,
      "os": [
        "win32"
      ],
      "engines": {
        "node": ">=18"
      }
    },
    "node_modules/@esbuild/win32-ia32": {
      "version": "0.28.0",
      "resolved": "https://registry.npmjs.org/@esbuild/win32-ia32/-/win32-ia32-0.28.0.tgz",
      "integrity": "sha512-zF3ag/gfiCe6U2iczcRzSYJKH1DCI+ByzSENHlM2FcDbEeo5Zd2C86Aq0tKUYAJJ1obRP84ymxIAksZUcdztHA==",
      "cpu": [
        "ia32"
      ],
      "dev": true,
      "license": "MIT",
      "optional": true,
      "os": [
        "win32"
      ],
      "engines": {
        "node": ">=18"
      }
    },
    "node_modules/@esbuild/win32-x64": {
      "version": "0.28.0",
      "resolved": "https://registry.npmjs.org/@esbuild/win32-x64/-/win32-x64-0.28.0.tgz",
      "integrity": "sha512-pEl1bO9mfAmIC+tW5btTmrKaujg3zGtUmWNdCw/xs70FBjwAL3o9OEKNHvNmnyylD6ubxUERiEhdsL0xBQ9efw==",
      "cpu": [
        "x64"
      ],
      "dev": true,
      "license": "MIT",
      "optional": true,
      "os": [
        "win32"
      ],
      "engines": {
        "node": ">=18"
      }
    },
    "node_modules/@kayahr/assert": {
      "version": "1.4.1",
      "resolved": "https://registry.npmjs.org/@kayahr/assert/-/assert-1.4.1.tgz",
      "integrity": "sha512-67yIwop53TkWwlO0QR50xZfYV9N78sMsXgxFVWwtNI6NW/LGEMS/G6OTFOYGFT3xdSSxmPHusSC9ZrX0A7Bb5g==",
      "dev": true,
      "license": "MIT",
      "funding": {
        "url": "https://github.com/kayahr/assert?sponsor=1"
      }
    },
    "node_modules/@kayahr/cspell": {
      "version": "9.7.0-bundle.1",
      "resolved": "https://registry.npmjs.org/@kayahr/cspell/-/cspell-9.7.0-bundle.1.tgz",
      "integrity": "sha512-YDWknHucSRp9v08Hb43e2+N5LgGf96QnG70QHWSbDzpKA1r77RkEu2CIujcCJE0SV+uPPP8yIOa52JqrHth1XQ==",
      "dev": true,
      "license": "MIT",
      "bin": {
        "cspell": "lib/cspell.js"
      },
      "funding": {
        "url": "https://github.com/kayahr/cspell?sponsor=1"
      }
    },
    "node_modules/@kayahr/npm-utils": {
      "version": "1.1.2",
      "resolved": "https://registry.npmjs.org/@kayahr/npm-utils/-/npm-utils-1.1.2.tgz",
      "integrity": "sha512-kmqG3rxjGy8ld+3sk458y/PFSa2zCTMey5HoxRDgYiX0esWxKRiS7DJe8tI5zZ2Sdm30/joUrn6Ays/14w8d8g==",
      "dev": true,
      "license": "MIT",
      "bin": {
        "cp": "lib/main/cp.js",
        "rm": "lib/main/rm.js",
        "run": "lib/main/run.js"
      },
      "engines": {
        "node": ">=22.18.0"
      },
      "funding": {
        "url": "https://github.com/kayahr/npm-utils?sponsor=1"
      }
    },
    "node_modules/@kayahr/ntest": {
      "version": "1.3.0",
      "resolved": "https://registry.npmjs.org/@kayahr/ntest/-/ntest-1.3.0.tgz",
      "integrity": "sha512-75QPbxtyugisGCFSeDbLuPaijUMDoyqtcPQapZuWb/l+hzVEHJvhDWZVVvLNv5i2JTDYE4AF84MmF5qXTbwslg==",
      "dev": true,
      "license": "MIT",
      "bin": {
        "ntest": "lib/main/ntest.js"
      },
      "engines": {
        "node": ">=22.18.0"
      },
      "funding": {
        "url": "https://github.com/kayahr/ntest?sponsor=1"
      }
    },
    "node_modules/@kayahr/oxlint-config": {
      "version": "1.32.0",
      "resolved": "https://registry.npmjs.org/@kayahr/oxlint-config/-/oxlint-config-1.32.0.tgz",
      "integrity": "sha512-3m7EiwJlxupqZJAZ/mMevsgg+ec0kwiBnKNZ7iv0mZDehyMPrE1VC48GD6mTa99KTOHkiQ8BoSww5pJioCpHBg==",
      "dev": true,
      "license": "MIT",
      "dependencies": {
        "oxlint": "^1.59.0",
        "oxlint-tsgolint": "^0.20.0"
      },
      "funding": {
        "url": "https://github.com/kayahr/oxlint-config?sponsor=1"
      }
    },
    "node_modules/@kayahr/typedoc": {
      "version": "0.28.18-bundle.1",
      "resolved": "https://registry.npmjs.org/@kayahr/typedoc/-/typedoc-0.28.18-bundle.1.tgz",
      "integrity": "sha512-IsDRZhhgKe17x5HPk4ABATB2bZ4/ljoG1cTAqA+G/gt4/DJWi1d8AhnsR6ZarvaV4lU2QZP5Nf55iLdVsQNBbQ==",
      "dev": true,
      "license": "MIT",
      "bin": {
        "typedoc": "lib/bin/cli.js"
      },
      "funding": {
        "url": "https://github.com/kayahr/typedoc?sponsor=1"
      }
    },
    "node_modules/@oxlint-tsgolint/darwin-arm64": {
      "version": "0.20.0",
      "resolved": "https://registry.npmjs.org/@oxlint-tsgolint/darwin-arm64/-/darwin-arm64-0.20.0.tgz",
      "integrity": "sha512-KKQcIHZHMxqpHUA1VXIbOG6chNCFkUWbQy6M+AFVtPKkA/3xAeJkJ3njoV66bfzwPHRcWQO+kcj5XqtbkjakoA==",
      "cpu": [
        "arm64"
      ],
      "dev": true,
      "license": "MIT",
      "optional": true,
      "os": [
        "darwin"
      ]
    },
    "node_modules/@oxlint-tsgolint/darwin-x64": {
      "version": "0.20.0",
      "resolved": "https://registry.npmjs.org/@oxlint-tsgolint/darwin-x64/-/darwin-x64-0.20.0.tgz",
      "integrity": "sha512-7HeVMuclGfG+NLZi2ybY0T4fMI7/XxO/208rJk+zEIloKkVnlh11Wd241JMGwgNFXn+MLJbOqOfojDb2Dt4L1g==",
      "cpu": [
        "x64"
      ],
      "dev": true,
      "license": "MIT",
      "optional": true,
      "os": [
        "darwin"
      ]
    },
    "node_modules/@oxlint-tsgolint/linux-arm64": {
      "version": "0.20.0",
      "resolved": "https://registry.npmjs.org/@oxlint-tsgolint/linux-arm64/-/linux-arm64-0.20.0.tgz",
      "integrity": "sha512-zxhUwz+WSxE6oWlZLK2z2ps9yC6ebmgoYmjAl0Oa48+GqkZ56NVgo+wb8DURNv6xrggzHStQxqQxe3mK51HZag==",
      "cpu": [
        "arm64"
      ],
      "dev": true,
      "license": "MIT",
      "optional": true,
      "os": [
        "linux"
      ]
    },
    "node_modules/@oxlint-tsgolint/linux-x64": {
      "version": "0.20.0",
      "resolved": "https://registry.npmjs.org/@oxlint-tsgolint/linux-x64/-/linux-x64-0.20.0.tgz",
      "integrity": "sha512-/1l6FnahC9im8PK+Ekkx/V3yetO/PzZnJegE2FXcv/iXEhbeVxP/ouiTYcUQu9shT1FWJCSNti1VJHH+21Y1dg==",
      "cpu": [
        "x64"
      ],
      "dev": true,
      "license": "MIT",
      "optional": true,
      "os": [
        "linux"
      ]
    },
    "node_modules/@oxlint-tsgolint/win32-arm64": {
      "version": "0.20.0",
      "resolved": "https://registry.npmjs.org/@oxlint-tsgolint/win32-arm64/-/win32-arm64-0.20.0.tgz",
      "integrity": "sha512-oPZ5Yz8sVdo7P/5q+i3IKeix31eFZ55JAPa1+RGPoe9PoaYVsdMvR6Jvib6YtrqoJnFPlg3fjEjlEPL8VBKYJA==",
      "cpu": [
        "arm64"
      ],
      "dev": true,
      "license": "MIT",
      "optional": true,
      "os": [
        "win32"
      ]
    },
    "node_modules/@oxlint-tsgolint/win32-x64": {
      "version": "0.20.0",
      "resolved": "https://registry.npmjs.org/@oxlint-tsgolint/win32-x64/-/win32-x64-0.20.0.tgz",
      "integrity": "sha512-4stx8RHj3SP9vQyRF/yZbz5igtPvYMEUR8CUoha4BVNZihi39DpCR8qkU7lpjB5Ga1DRMo2pHaA4bdTOMaY4mw==",
      "cpu": [
        "x64"
      ],
      "dev": true,
      "license": "MIT",
      "optional": true,
      "os": [
        "win32"
      ]
    },
    "node_modules/@oxlint/binding-android-arm-eabi": {
      "version": "1.59.0",
      "resolved": "https://registry.npmjs.org/@oxlint/binding-android-arm-eabi/-/binding-android-arm-eabi-1.59.0.tgz",
      "integrity": "sha512-etYDw/UaEv936AQUd/CRMBVd+e+XuuU6wC+VzOv1STvsTyZenLChepLWqLtnyTTp4YMlM22ypzogDDwqYxv5cg==",
      "cpu": [
        "arm"
      ],
      "dev": true,
      "license": "MIT",
      "optional": true,
      "os": [
        "android"
      ],
      "engines": {
        "node": "^20.19.0 || >=22.12.0"
      }
    },
    "node_modules/@oxlint/binding-android-arm64": {
      "version": "1.59.0",
      "resolved": "https://registry.npmjs.org/@oxlint/binding-android-arm64/-/binding-android-arm64-1.59.0.tgz",
      "integrity": "sha512-TgLc7XVLKH2a4h8j3vn1MDjfK33i9MY60f/bKhRGWyVzbk5LCZ4X01VZG7iHrMmi5vYbAp8//Ponigx03CLsdw==",
      "cpu": [
        "arm64"
      ],
      "dev": true,
      "license": "MIT",
      "optional": true,
      "os": [
        "android"
      ],
      "engines": {
        "node": "^20.19.0 || >=22.12.0"
      }
    },
    "node_modules/@oxlint/binding-darwin-arm64": {
      "version": "1.59.0",
      "resolved": "https://registry.npmjs.org/@oxlint/binding-darwin-arm64/-/binding-darwin-arm64-1.59.0.tgz",
      "integrity": "sha512-DXyFPf5ZKldMLloRHx/B9fsxsiTQomaw7cmEW3YIJko2HgCh+GUhp9gGYwHrqlLJPsEe3dYj9JebjX92D3j3AA==",
      "cpu": [
        "arm64"
      ],
      "dev": true,
      "license": "MIT",
      "optional": true,
      "os": [
        "darwin"
      ],
      "engines": {
        "node": "^20.19.0 || >=22.12.0"
      }
    },
    "node_modules/@oxlint/binding-darwin-x64": {
      "version": "1.59.0",
      "resolved": "https://registry.npmjs.org/@oxlint/binding-darwin-x64/-/binding-darwin-x64-1.59.0.tgz",
      "integrity": "sha512-LgvrsdgVLX1qWqIEmNsSmMXJhpAWdtUQ0M+oR0CySwi+9IHWyOGuIL8w8+u/kbZNMyZr4WUyYB5i0+D+AKgkLg==",
      "cpu": [
        "x64"
      ],
      "dev": true,
      "license": "MIT",
      "optional": true,
      "os": [
        "darwin"
      ],
      "engines": {
        "node": "^20.19.0 || >=22.12.0"
      }
    },
    "node_modules/@oxlint/binding-freebsd-x64": {
      "version": "1.59.0",
      "resolved": "https://registry.npmjs.org/@oxlint/binding-freebsd-x64/-/binding-freebsd-x64-1.59.0.tgz",
      "integrity": "sha512-bOJhqX/ny4hrFuTPlyk8foSRx/vLRpxJh0jOOKN2NWW6FScXHPAA5rQbrwdQPcgGB5V8Ua51RS03fke8ssBcug==",
      "cpu": [
        "x64"
      ],
      "dev": true,
      "license": "MIT",
      "optional": true,
      "os": [
        "freebsd"
      ],
      "engines": {
        "node": "^20.19.0 || >=22.12.0"
      }
    },
    "node_modules/@oxlint/binding-linux-arm-gnueabihf": {
      "version": "1.59.0",
      "resolved": "https://registry.npmjs.org/@oxlint/binding-linux-arm-gnueabihf/-/binding-linux-arm-gnueabihf-1.59.0.tgz",
      "integrity": "sha512-vVUXxYMF9trXCsz4m9H6U0IjehosVHxBzVgJUxly1uz4W1PdDyicaBnpC0KRXsHYretLVe+uS9pJy8iM57Kujw==",
      "cpu": [
        "arm"
      ],
      "dev": true,
      "license": "MIT",
      "optional": true,
      "os": [
        "linux"
      ],
      "engines": {
        "node": "^20.19.0 || >=22.12.0"
      }
    },
    "node_modules/@oxlint/binding-linux-arm-musleabihf": {
      "version": "1.59.0",
      "resolved": "https://registry.npmjs.org/@oxlint/binding-linux-arm-musleabihf/-/binding-linux-arm-musleabihf-1.59.0.tgz",
      "integrity": "sha512-TULQW8YBPGRWg5yZpFPL54HLOnJ3/HiX6VenDPi6YfxB/jlItwSMFh3/hCeSNbh+DAMaE1Py0j5MOaivHkI/9Q==",
      "cpu": [
        "arm"
      ],
      "dev": true,
      "license": "MIT",
      "optional": true,
      "os": [
        "linux"
      ],
      "engines": {
        "node": "^20.19.0 || >=22.12.0"
      }
    },
    "node_modules/@oxlint/binding-linux-arm64-gnu": {
      "version": "1.59.0",
      "resolved": "https://registry.npmjs.org/@oxlint/binding-linux-arm64-gnu/-/binding-linux-arm64-gnu-1.59.0.tgz",
      "integrity": "sha512-Gt54Y4eqSgYJ90xipm24xeyaPV854706o/kiT8oZvUt3VDY7qqxdqyGqchMaujd87ib+/MXvnl9WkK8Cc1BExg==",
      "cpu": [
        "arm64"
      ],
      "dev": true,
      "license": "MIT",
      "optional": true,
      "os": [
        "linux"
      ],
      "engines": {
        "node": "^20.19.0 || >=22.12.0"
      }
    },
    "node_modules/@oxlint/binding-linux-arm64-musl": {
      "version": "1.59.0",
      "resolved": "https://registry.npmjs.org/@oxlint/binding-linux-arm64-musl/-/binding-linux-arm64-musl-1.59.0.tgz",
      "integrity": "sha512-3CtsKp7NFB3OfqQzbuAecrY7GIZeiv7AD+xutU4tefVQzlfmTI7/ygWLrvkzsDEjTlMq41rYHxgsn6Yh8tybmA==",
      "cpu": [
        "arm64"
      ],
      "dev": true,
      "license": "MIT",
      "optional": true,
      "os": [
        "linux"
      ],
      "engines": {
        "node": "^20.19.0 || >=22.12.0"
      }
    },
    "node_modules/@oxlint/binding-linux-ppc64-gnu": {
      "version": "1.59.0",
      "resolved": "https://registry.npmjs.org/@oxlint/binding-linux-ppc64-gnu/-/binding-linux-ppc64-gnu-1.59.0.tgz",
      "integrity": "sha512-K0diOpT3ncDmOfl9I1HuvpEsAuTxkts0VYwIv/w6Xiy9CdwyPBVX88Ga9l8VlGgMrwBMnSY4xIvVlVY/fkQk7Q==",
      "cpu": [
        "ppc64"
      ],
      "dev": true,
      "license": "MIT",
      "optional": true,
      "os": [
        "linux"
      ],
      "engines": {
        "node": "^20.19.0 || >=22.12.0"
      }
    },
    "node_modules/@oxlint/binding-linux-riscv64-gnu": {
      "version": "1.59.0",
      "resolved": "https://registry.npmjs.org/@oxlint/binding-linux-riscv64-gnu/-/binding-linux-riscv64-gnu-1.59.0.tgz",
      "integrity": "sha512-xAU7+QDU6kTJJ7mJLOGgo7oOjtAtkKyFZ0Yjdb5cEo3DiCCPFLvyr08rWiQh6evZ7RiUTf+o65NY/bqttzJiQQ==",
      "cpu": [
        "riscv64"
      ],
      "dev": true,
      "license": "MIT",
      "optional": true,
      "os": [
        "linux"
      ],
      "engines": {
        "node": "^20.19.0 || >=22.12.0"
      }
    },
    "node_modules/@oxlint/binding-linux-riscv64-musl": {
      "version": "1.59.0",
      "resolved": "https://registry.npmjs.org/@oxlint/binding-linux-riscv64-musl/-/binding-linux-riscv64-musl-1.59.0.tgz",
      "integrity": "sha512-KUmZmKlTTyauOnvUNVxK7G40sSSx0+w5l1UhaGsC6KPpOYHenx2oqJTnabmpLJicok7IC+3Y6fXAUOMyexaeJQ==",
      "cpu": [
        "riscv64"
      ],
      "dev": true,
      "license": "MIT",
      "optional": true,
      "os": [
        "linux"
      ],
      "engines": {
        "node": "^20.19.0 || >=22.12.0"
      }
    },
    "node_modules/@oxlint/binding-linux-s390x-gnu": {
      "version": "1.59.0",
      "resolved": "https://registry.npmjs.org/@oxlint/binding-linux-s390x-gnu/-/binding-linux-s390x-gnu-1.59.0.tgz",
      "integrity": "sha512-4usRxC8gS0PGdkHnRmwJt/4zrQNZyk6vL0trCxwZSsAKM+OxhB8nKiR+mhjdBbl8lbMh2gc3bZpNN/ik8c4c2A==",
      "cpu": [
        "s390x"
      ],
      "dev": true,
      "license": "MIT",
      "optional": true,
      "os": [
        "linux"
      ],
      "engines": {
        "node": "^20.19.0 || >=22.12.0"
      }
    },
    "node_modules/@oxlint/binding-linux-x64-gnu": {
      "version": "1.59.0",
      "resolved": "https://registry.npmjs.org/@oxlint/binding-linux-x64-gnu/-/binding-linux-x64-gnu-1.59.0.tgz",
      "integrity": "sha512-s/rNE2gDmbwAOOP493xk2X7M8LZfI1LJFSSW1+yanz3vuQCFPiHkx4GY+O1HuLUDtkzGlhtMrIcxxzyYLv308w==",
      "cpu": [
        "x64"
      ],
      "dev": true,
      "license": "MIT",
      "optional": true,
      "os": [
        "linux"
      ],
      "engines": {
        "node": "^20.19.0 || >=22.12.0"
      }
    },
    "node_modules/@oxlint/binding-linux-x64-musl": {
      "version": "1.59.0",
      "resolved": "https://registry.npmjs.org/@oxlint/binding-linux-x64-musl/-/binding-linux-x64-musl-1.59.0.tgz",
      "integrity": "sha512-+yYj1udJa2UvvIUmEm0IcKgc0UlPMgz0nsSTvkPL2y6n0uU5LgIHSwVu4AHhrve6j9BpVSoRksnz8c9QcvITJA==",
      "cpu": [
        "x64"
      ],
      "dev": true,
      "license": "MIT",
      "optional": true,
      "os": [
        "linux"
      ],
      "engines": {
        "node": "^20.19.0 || >=22.12.0"
      }
    },
    "node_modules/@oxlint/binding-openharmony-arm64": {
      "version": "1.59.0",
      "resolved": "https://registry.npmjs.org/@oxlint/binding-openharmony-arm64/-/binding-openharmony-arm64-1.59.0.tgz",
      "integrity": "sha512-bUplUb48LYsB3hHlQXP2ZMOenpieWoOyppLAnnAhuPag3MGPnt+7caxE3w/Vl9wpQsTA3gzLntQi9rxWrs7Xqg==",
      "cpu": [
        "arm64"
      ],
      "dev": true,
      "license": "MIT",
      "optional": true,
      "os": [
        "openharmony"
      ],
      "engines": {
        "node": "^20.19.0 || >=22.12.0"
      }
    },
    "node_modules/@oxlint/binding-win32-arm64-msvc": {
      "version": "1.59.0",
      "resolved": "https://registry.npmjs.org/@oxlint/binding-win32-arm64-msvc/-/binding-win32-arm64-msvc-1.59.0.tgz",
      "integrity": "sha512-/HLsLuz42rWl7h7ePdmMTpHm2HIDmPtcEMYgm5BBEHiEiuNOrzMaUpd2z7UnNni5LGN9obJy2YoAYBLXQwazrA==",
      "cpu": [
        "arm64"
      ],
      "dev": true,
      "license": "MIT",
      "optional": true,
      "os": [
        "win32"
      ],
      "engines": {
        "node": "^20.19.0 || >=22.12.0"
      }
    },
    "node_modules/@oxlint/binding-win32-ia32-msvc": {
      "version": "1.59.0",
      "resolved": "https://registry.npmjs.org/@oxlint/binding-win32-ia32-msvc/-/binding-win32-ia32-msvc-1.59.0.tgz",
      "integrity": "sha512-rUPy+JnanpPwV/aJCPnxAD1fW50+XPI0VkWr7f0vEbqcdsS8NpB24Rw6RsS7SdpFv8Dw+8ugCwao5nCFbqOUSg==",
      "cpu": [
        "ia32"
      ],
      "dev": true,
      "license": "MIT",
      "optional": true,
      "os": [
        "win32"
      ],
      "engines": {
        "node": "^20.19.0 || >=22.12.0"
      }
    },
    "node_modules/@oxlint/binding-win32-x64-msvc": {
      "version": "1.59.0",
      "resolved": "https://registry.npmjs.org/@oxlint/binding-win32-x64-msvc/-/binding-win32-x64-msvc-1.59.0.tgz",
      "integrity": "sha512-xkE7puteDS/vUyRngLXW0t8WgdWoS/tfxXjhP/P7SMqPDx+hs44SpssO3h3qmTqECYEuXBUPzcAw5257Ka+ofA==",
      "cpu": [
        "x64"
      ],
      "dev": true,
      "license": "MIT",
      "optional": true,
      "os": [
        "win32"
      ],
      "engines": {
        "node": "^20.19.0 || >=22.12.0"
      }
    },
    "node_modules/@standard-schema/spec": {
      "version": "1.1.0",
      "resolved": "https://registry.npmjs.org/@standard-schema/spec/-/spec-1.1.0.tgz",
      "integrity": "sha512-l2aFy5jALhniG5HgqrD6jXLi/rUWrKvqN/qJx6yoJsgKhblVd+iqqU4RCXavm/jPityDo5TCvKMnpjKnOriy0w==",
      "license": "MIT"
    },
    "node_modules/@types/node": {
      "version": "25.5.0",
      "resolved": "https://registry.npmjs.org/@types/node/-/node-25.5.0.tgz",
      "integrity": "sha512-jp2P3tQMSxWugkCUKLRPVUpGaL5MVFwF8RDuSRztfwgN1wmqJeMSbKlnEtQqU8UrhTmzEmZdu2I6v2dpp7XIxw==",
      "dev": true,
      "license": "MIT",
      "dependencies": {
        "undici-types": "~7.18.0"
      }
    },
    "node_modules/base64-js": {
      "version": "1.5.1",
      "resolved": "https://registry.npmjs.org/base64-js/-/base64-js-1.5.1.tgz",
      "integrity": "sha512-AKpaYlHn8t4SVbOHCy+b5+KKgvR4vrsD8vbvrbiQJps7fKDTkjkDry6ji0rUJjC0kzbNePLwzxq8iypo41qeWA==",
      "funding": [
        {
          "type": "github",
          "url": "https://github.com/sponsors/feross"
        },
        {
          "type": "patreon",
          "url": "https://www.patreon.com/feross"
        },
        {
          "type": "consulting",
          "url": "https://feross.org/support"
        }
      ],
      "license": "MIT"
    },
    "node_modules/esbuild": {
      "version": "0.28.0",
      "resolved": "https://registry.npmjs.org/esbuild/-/esbuild-0.28.0.tgz",
      "integrity": "sha512-sNR9MHpXSUV/XB4zmsFKN+QgVG82Cc7+/aaxJ8Adi8hyOac+EXptIp45QBPaVyX3N70664wRbTcLTOemCAnyqw==",
      "dev": true,
      "hasInstallScript": true,
      "license": "MIT",
      "bin": {
        "esbuild": "bin/esbuild"
      },
      "engines": {
        "node": ">=18"
      },
      "optionalDependencies": {
        "@esbuild/aix-ppc64": "0.28.0",
        "@esbuild/android-arm": "0.28.0",
        "@esbuild/android-arm64": "0.28.0",
        "@esbuild/android-x64": "0.28.0",
        "@esbuild/darwin-arm64": "0.28.0",
        "@esbuild/darwin-x64": "0.28.0",
        "@esbuild/freebsd-arm64": "0.28.0",
        "@esbuild/freebsd-x64": "0.28.0",
        "@esbuild/linux-arm": "0.28.0",
        "@esbuild/linux-arm64": "0.28.0",
        "@esbuild/linux-ia32": "0.28.0",
        "@esbuild/linux-loong64": "0.28.0",
        "@esbuild/linux-mips64el": "0.28.0",
        "@esbuild/linux-ppc64": "0.28.0",
        "@esbuild/linux-riscv64": "0.28.0",
        "@esbuild/linux-s390x": "0.28.0",
        "@esbuild/linux-x64": "0.28.0",
        "@esbuild/netbsd-arm64": "0.28.0",
        "@esbuild/netbsd-x64": "0.28.0",
        "@esbuild/openbsd-arm64": "0.28.0",
        "@esbuild/openbsd-x64": "0.28.0",
        "@esbuild/openharmony-arm64": "0.28.0",
        "@esbuild/sunos-x64": "0.28.0",
        "@esbuild/win32-arm64": "0.28.0",
        "@esbuild/win32-ia32": "0.28.0",
        "@esbuild/win32-x64": "0.28.0"
      }
    },
    "node_modules/esbuild-copy-static-files": {
      "version": "0.1.0",
      "resolved": "https://registry.npmjs.org/esbuild-copy-static-files/-/esbuild-copy-static-files-0.1.0.tgz",
      "integrity": "sha512-KlpmYqANA1t2nZavEdItfcOjJC6wbHA21v35HJWN32DddGTWKNNGDKljUzbCPojmpD+wAw8/DXr5abJ4jFCE0w==",
      "dev": true,
      "license": "MIT"
    },
    "node_modules/lz-string": {
      "version": "1.5.0",
      "resolved": "https://registry.npmjs.org/lz-string/-/lz-string-1.5.0.tgz",
      "integrity": "sha512-h5bgJWpxJNswbU7qCrV0tIKQCaS3blPDrqKWx+QxzuzL1zGUzij9XCWLrSLsJPu5t+eWA/ycetzYAO5IOMcWAQ==",
      "license": "MIT",
      "bin": {
        "lz-string": "bin/bin.js"
      }
    },
    "node_modules/oxlint": {
      "version": "1.59.0",
      "resolved": "https://registry.npmjs.org/oxlint/-/oxlint-1.59.0.tgz",
      "integrity": "sha512-0xBLeGGjP4vD9pygRo8iuOkOzEU1MqOnfiOl7KYezL/QvWL8NUg6n03zXc7ZVqltiOpUxBk2zgHI3PnRIEdAvw==",
      "dev": true,
      "license": "MIT",
      "bin": {
        "oxlint": "bin/oxlint"
      },
      "engines": {
        "node": "^20.19.0 || >=22.12.0"
      },
      "funding": {
        "url": "https://github.com/sponsors/Boshen"
      },
      "optionalDependencies": {
        "@oxlint/binding-android-arm-eabi": "1.59.0",
        "@oxlint/binding-android-arm64": "1.59.0",
        "@oxlint/binding-darwin-arm64": "1.59.0",
        "@oxlint/binding-darwin-x64": "1.59.0",
        "@oxlint/binding-freebsd-x64": "1.59.0",
        "@oxlint/binding-linux-arm-gnueabihf": "1.59.0",
        "@oxlint/binding-linux-arm-musleabihf": "1.59.0",
        "@oxlint/binding-linux-arm64-gnu": "1.59.0",
        "@oxlint/binding-linux-arm64-musl": "1.59.0",
        "@oxlint/binding-linux-ppc64-gnu": "1.59.0",
        "@oxlint/binding-linux-riscv64-gnu": "1.59.0",
        "@oxlint/binding-linux-riscv64-musl": "1.59.0",
        "@oxlint/binding-linux-s390x-gnu": "1.59.0",
        "@oxlint/binding-linux-x64-gnu": "1.59.0",
        "@oxlint/binding-linux-x64-musl": "1.59.0",
        "@oxlint/binding-openharmony-arm64": "1.59.0",
        "@oxlint/binding-win32-arm64-msvc": "1.59.0",
        "@oxlint/binding-win32-ia32-msvc": "1.59.0",
        "@oxlint/binding-win32-x64-msvc": "1.59.0"
      },
      "peerDependencies": {
        "oxlint-tsgolint": ">=0.18.0"
      },
      "peerDependenciesMeta": {
        "oxlint-tsgolint": {
          "optional": true
        }
      }
    },
    "node_modules/oxlint-tsgolint": {
      "version": "0.20.0",
      "resolved": "https://registry.npmjs.org/oxlint-tsgolint/-/oxlint-tsgolint-0.20.0.tgz",
      "integrity": "sha512-/Uc9TQyN1l8w9QNvXtVHYtz+SzDJHKpb5X0UnHodl0BVzijUPk0LPlDOHAvogd1UI+iy9ZSF6gQxEqfzUxCULQ==",
      "dev": true,
      "license": "MIT",
      "bin": {
        "tsgolint": "bin/tsgolint.js"
      },
      "optionalDependencies": {
        "@oxlint-tsgolint/darwin-arm64": "0.20.0",
        "@oxlint-tsgolint/darwin-x64": "0.20.0",
        "@oxlint-tsgolint/linux-arm64": "0.20.0",
        "@oxlint-tsgolint/linux-x64": "0.20.0",
        "@oxlint-tsgolint/win32-arm64": "0.20.0",
        "@oxlint-tsgolint/win32-x64": "0.20.0"
      }
    },
    "node_modules/rxjs": {
      "version": "7.8.2",
      "resolved": "https://registry.npmjs.org/rxjs/-/rxjs-7.8.2.tgz",
      "integrity": "sha512-dhKf903U/PQZY6boNNtAGdWbG85WAbjT/1xYoZIC7FAY0yWapOBQVsVrDl58W86//e1VpMNBtRV4MaXfdMySFA==",
      "license": "Apache-2.0",
      "peer": true,
      "dependencies": {
        "tslib": "^2.1.0"
      }
    },
    "node_modules/tslib": {
      "version": "2.8.1",
      "resolved": "https://registry.npmjs.org/tslib/-/tslib-2.8.1.tgz",
      "integrity": "sha512-oJFu94HQb+KVduSUQL7wnpmqnfmLsOA/nAh6b6EH0wCEoK0/mPeXU6c3wKDV83MkOuHPRHtSXKKU99IBazS/2w==",
      "license": "0BSD"
    },
    "node_modules/typescript": {
      "version": "6.0.2",
      "resolved": "https://registry.npmjs.org/typescript/-/typescript-6.0.2.tgz",
      "integrity": "sha512-bGdAIrZ0wiGDo5l8c++HWtbaNCWTS4UTv7RaTH/ThVIgjkveJt83m74bBHMJkuCbslY8ixgLBVZJIOiQlQTjfQ==",
      "dev": true,
      "license": "Apache-2.0",
      "bin": {
        "tsc": "bin/tsc",
        "tsserver": "bin/tsserver"
      },
      "engines": {
        "node": ">=14.17"
      }
    },
    "node_modules/undici-types": {
      "version": "7.18.2",
      "resolved": "https://registry.npmjs.org/undici-types/-/undici-types-7.18.2.tgz",
      "integrity": "sha512-AsuCzffGHJybSaRrmr5eHr81mwJU3kjw6M+uprWvCXiNeN9SOGwQ3Jn8jb8m3Z6izVgknn1R0FTCEAP2QrLY/w==",
      "dev": true,
      "license": "MIT"
    },
    "node_modules/zone.js": {
      "version": "0.16.1",
      "resolved": "https://registry.npmjs.org/zone.js/-/zone.js-0.16.1.tgz",
      "integrity": "sha512-dpvY17vxYIW3+bNrP0ClUlaiY0CiIRK3tnoLaGoQsQcY9/I/NpzIWQ7tQNhbV7LacQMpCII6wVzuL3tuWOyfuA==",
      "license": "MIT"
    }
  }
}
