{
  "name": "canonn-decryptor",
  "version": "1.5.0",
  "lockfileVersion": 3,
  "requires": true,
  "packages": {
    "": {
      "name": "canonn-decryptor",
      "version": "1.5.0",
      "license": "MIT",
      "dependencies": {
        "@angular/common": "^21.2.1",
        "@angular/compiler": "^21.2.1",
        "@angular/core": "^21.2.1",
        "@angular/forms": "^21.2.1",
        "@angular/platform-browser": "^21.2.1",
        "@angular/platform-browser-dynamic": "^21.2.1",
        "@angular/router": "^21.2.1",
        "base64-js": "^1.5.1",
        "lz-string": "^1.5.0",
        "tslib": "^2.8.1",
        "zone.js": "^0.16.1"
      },
      "devDependencies": {
        "@kayahr/assert": "1.4.0",
        "@kayahr/cspell": "9.3.2-bundle.1",
        "@kayahr/npm-utils": "1.1.1",
        "@kayahr/ntest": "1.3.0",
        "@kayahr/oxlint-config": "1.29.0",
        "@kayahr/typedoc": "0.28.14-bundle.3",
        "@types/node": "25.3.5",
        "esbuild": "0.27.3",
        "esbuild-copy-static-files": "0.1.0",
        "typescript": "5.9.3"
      },
      "funding": {
        "url": "https://github.com/kayahr/canonn-decryptor?sponsor=1"
      }
    },
    "node_modules/@angular/common": {
      "version": "21.2.1",
      "resolved": "https://registry.npmjs.org/@angular/common/-/common-21.2.1.tgz",
      "integrity": "sha512-xhv2i1Q9s1kpGbGsfj+o36+XUC/TQLcZyRuRxn3GwaN7Rv34FabC88ycpvoE+sW/txj4JRx9yPA0dRSZjwZ+Gg==",
      "license": "MIT",
      "dependencies": {
        "tslib": "^2.3.0"
      },
      "engines": {
        "node": "^20.19.0 || ^22.12.0 || >=24.0.0"
      },
      "peerDependencies": {
        "@angular/core": "21.2.1",
        "rxjs": "^6.5.3 || ^7.4.0"
      }
    },
    "node_modules/@angular/compiler": {
      "version": "21.2.1",
      "resolved": "https://registry.npmjs.org/@angular/compiler/-/compiler-21.2.1.tgz",
      "integrity": "sha512-FxWaSaii1vfHIFA+JksqQ8NGB2frfqCrs7Ju50a44kbwR4fmanfn/VsiS/CbwBp9vcyT/Br9X/jAG4RuK/U2nw==",
      "license": "MIT",
      "dependencies": {
        "tslib": "^2.3.0"
      },
      "engines": {
        "node": "^20.19.0 || ^22.12.0 || >=24.0.0"
      }
    },
    "node_modules/@angular/core": {
      "version": "21.2.1",
      "resolved": "https://registry.npmjs.org/@angular/core/-/core-21.2.1.tgz",
      "integrity": "sha512-pFTbg03s2ZI5cHNT+eWsGjwIIKiYkeAnodFbCAHjwFi9KCEYlTykFLjr9lcpGrBddfmAH7GE08Q73vgmsdcNHw==",
      "license": "MIT",
      "dependencies": {
        "tslib": "^2.3.0"
      },
      "engines": {
        "node": "^20.19.0 || ^22.12.0 || >=24.0.0"
      },
      "peerDependencies": {
        "@angular/compiler": "21.2.1",
        "rxjs": "^6.5.3 || ^7.4.0",
        "zone.js": "~0.15.0 || ~0.16.0"
      },
      "peerDependenciesMeta": {
        "@angular/compiler": {
          "optional": true
        },
        "zone.js": {
          "optional": true
        }
      }
    },
    "node_modules/@angular/forms": {
      "version": "21.2.1",
      "resolved": "https://registry.npmjs.org/@angular/forms/-/forms-21.2.1.tgz",
      "integrity": "sha512-6aqOPk9xoa0dfeUDeEbhaiPhmt6MQrdn59qbGAomn9RMXA925TrHbJhSIkp9tXc2Fr4aJRi8zkD/cdXEc1IYeA==",
      "license": "MIT",
      "dependencies": {
        "@standard-schema/spec": "^1.0.0",
        "tslib": "^2.3.0"
      },
      "engines": {
        "node": "^20.19.0 || ^22.12.0 || >=24.0.0"
      },
      "peerDependencies": {
        "@angular/common": "21.2.1",
        "@angular/core": "21.2.1",
        "@angular/platform-browser": "21.2.1",
        "rxjs": "^6.5.3 || ^7.4.0"
      }
    },
    "node_modules/@angular/platform-browser": {
      "version": "21.2.1",
      "resolved": "https://registry.npmjs.org/@angular/platform-browser/-/platform-browser-21.2.1.tgz",
      "integrity": "sha512-k4SJLxIaLT26vLjLuFL+ho0BiG5PrdxEsjsXFC7w5iUhomeouzkHVTZ4t7gaLNKrdRD7QNtU4Faw0nL0yx0ZPQ==",
      "license": "MIT",
      "dependencies": {
        "tslib": "^2.3.0"
      },
      "engines": {
        "node": "^20.19.0 || ^22.12.0 || >=24.0.0"
      },
      "peerDependencies": {
        "@angular/animations": "21.2.1",
        "@angular/common": "21.2.1",
        "@angular/core": "21.2.1"
      },
      "peerDependenciesMeta": {
        "@angular/animations": {
          "optional": true
        }
      }
    },
    "node_modules/@angular/platform-browser-dynamic": {
      "version": "21.2.1",
      "resolved": "https://registry.npmjs.org/@angular/platform-browser-dynamic/-/platform-browser-dynamic-21.2.1.tgz",
      "integrity": "sha512-J4KnrXjgSuk7KjEm79/RK1yyzR867sIyT5mcG6jx2KmkjspFJd4OeOux7Oj7lSBM7+nDEsKC9F6s0x3dC0hCPQ==",
      "license": "MIT",
      "dependencies": {
        "tslib": "^2.3.0"
      },
      "engines": {
        "node": "^20.19.0 || ^22.12.0 || >=24.0.0"
      },
      "peerDependencies": {
        "@angular/common": "21.2.1",
        "@angular/compiler": "21.2.1",
        "@angular/core": "21.2.1",
        "@angular/platform-browser": "21.2.1"
      }
    },
    "node_modules/@angular/router": {
      "version": "21.2.1",
      "resolved": "https://registry.npmjs.org/@angular/router/-/router-21.2.1.tgz",
      "integrity": "sha512-FUKG+8ImQYxmlDUdAs7+VeS/VrBNrbo0zGiKkzVNU/bbcCyroKXJLXFtkFI3qmROiJNyIta2IMBCHJvIjLIMig==",
      "license": "MIT",
      "dependencies": {
        "tslib": "^2.3.0"
      },
      "engines": {
        "node": "^20.19.0 || ^22.12.0 || >=24.0.0"
      },
      "peerDependencies": {
        "@angular/common": "21.2.1",
        "@angular/core": "21.2.1",
        "@angular/platform-browser": "21.2.1",
        "rxjs": "^6.5.3 || ^7.4.0"
      }
    },
    "node_modules/@esbuild/aix-ppc64": {
      "version": "0.27.3",
      "resolved": "https://registry.npmjs.org/@esbuild/aix-ppc64/-/aix-ppc64-0.27.3.tgz",
      "integrity": "sha512-9fJMTNFTWZMh5qwrBItuziu834eOCUcEqymSH7pY+zoMVEZg3gcPuBNxH1EvfVYe9h0x/Ptw8KBzv7qxb7l8dg==",
      "cpu": [
        "ppc64"
      ],
      "dev": true,
      "license": "MIT",
      "optional": true,
      "os": [
        "aix"
      ],
      "engines": {
        "node": ">=18"
      }
    },
    "node_modules/@esbuild/android-arm": {
      "version": "0.27.3",
      "resolved": "https://registry.npmjs.org/@esbuild/android-arm/-/android-arm-0.27.3.tgz",
      "integrity": "sha512-i5D1hPY7GIQmXlXhs2w8AWHhenb00+GxjxRncS2ZM7YNVGNfaMxgzSGuO8o8SJzRc/oZwU2bcScvVERk03QhzA==",
      "cpu": [
        "arm"
      ],
      "dev": true,
      "license": "MIT",
      "optional": true,
      "os": [
        "android"
      ],
      "engines": {
        "node": ">=18"
      }
    },
    "node_modules/@esbuild/android-arm64": {
      "version": "0.27.3",
      "resolved": "https://registry.npmjs.org/@esbuild/android-arm64/-/android-arm64-0.27.3.tgz",
      "integrity": "sha512-YdghPYUmj/FX2SYKJ0OZxf+iaKgMsKHVPF1MAq/P8WirnSpCStzKJFjOjzsW0QQ7oIAiccHdcqjbHmJxRb/dmg==",
      "cpu": [
        "arm64"
      ],
      "dev": true,
      "license": "MIT",
      "optional": true,
      "os": [
        "android"
      ],
      "engines": {
        "node": ">=18"
      }
    },
    "node_modules/@esbuild/android-x64": {
      "version": "0.27.3",
      "resolved": "https://registry.npmjs.org/@esbuild/android-x64/-/android-x64-0.27.3.tgz",
      "integrity": "sha512-IN/0BNTkHtk8lkOM8JWAYFg4ORxBkZQf9zXiEOfERX/CzxW3Vg1ewAhU7QSWQpVIzTW+b8Xy+lGzdYXV6UZObQ==",
      "cpu": [
        "x64"
      ],
      "dev": true,
      "license": "MIT",
      "optional": true,
      "os": [
        "android"
      ],
      "engines": {
        "node": ">=18"
      }
    },
    "node_modules/@esbuild/darwin-arm64": {
      "version": "0.27.3",
      "resolved": "https://registry.npmjs.org/@esbuild/darwin-arm64/-/darwin-arm64-0.27.3.tgz",
      "integrity": "sha512-Re491k7ByTVRy0t3EKWajdLIr0gz2kKKfzafkth4Q8A5n1xTHrkqZgLLjFEHVD+AXdUGgQMq+Godfq45mGpCKg==",
      "cpu": [
        "arm64"
      ],
      "dev": true,
      "license": "MIT",
      "optional": true,
      "os": [
        "darwin"
      ],
      "engines": {
        "node": ">=18"
      }
    },
    "node_modules/@esbuild/darwin-x64": {
      "version": "0.27.3",
      "resolved": "https://registry.npmjs.org/@esbuild/darwin-x64/-/darwin-x64-0.27.3.tgz",
      "integrity": "sha512-vHk/hA7/1AckjGzRqi6wbo+jaShzRowYip6rt6q7VYEDX4LEy1pZfDpdxCBnGtl+A5zq8iXDcyuxwtv3hNtHFg==",
      "cpu": [
        "x64"
      ],
      "dev": true,
      "license": "MIT",
      "optional": true,
      "os": [
        "darwin"
      ],
      "engines": {
        "node": ">=18"
      }
    },
    "node_modules/@esbuild/freebsd-arm64": {
      "version": "0.27.3",
      "resolved": "https://registry.npmjs.org/@esbuild/freebsd-arm64/-/freebsd-arm64-0.27.3.tgz",
      "integrity": "sha512-ipTYM2fjt3kQAYOvo6vcxJx3nBYAzPjgTCk7QEgZG8AUO3ydUhvelmhrbOheMnGOlaSFUoHXB6un+A7q4ygY9w==",
      "cpu": [
        "arm64"
      ],
      "dev": true,
      "license": "MIT",
      "optional": true,
      "os": [
        "freebsd"
      ],
      "engines": {
        "node": ">=18"
      }
    },
    "node_modules/@esbuild/freebsd-x64": {
      "version": "0.27.3",
      "resolved": "https://registry.npmjs.org/@esbuild/freebsd-x64/-/freebsd-x64-0.27.3.tgz",
      "integrity": "sha512-dDk0X87T7mI6U3K9VjWtHOXqwAMJBNN2r7bejDsc+j03SEjtD9HrOl8gVFByeM0aJksoUuUVU9TBaZa2rgj0oA==",
      "cpu": [
        "x64"
      ],
      "dev": true,
      "license": "MIT",
      "optional": true,
      "os": [
        "freebsd"
      ],
      "engines": {
        "node": ">=18"
      }
    },
    "node_modules/@esbuild/linux-arm": {
      "version": "0.27.3",
      "resolved": "https://registry.npmjs.org/@esbuild/linux-arm/-/linux-arm-0.27.3.tgz",
      "integrity": "sha512-s6nPv2QkSupJwLYyfS+gwdirm0ukyTFNl3KTgZEAiJDd+iHZcbTPPcWCcRYH+WlNbwChgH2QkE9NSlNrMT8Gfw==",
      "cpu": [
        "arm"
      ],
      "dev": true,
      "license": "MIT",
      "optional": true,
      "os": [
        "linux"
      ],
      "engines": {
        "node": ">=18"
      }
    },
    "node_modules/@esbuild/linux-arm64": {
      "version": "0.27.3",
      "resolved": "https://registry.npmjs.org/@esbuild/linux-arm64/-/linux-arm64-0.27.3.tgz",
      "integrity": "sha512-sZOuFz/xWnZ4KH3YfFrKCf1WyPZHakVzTiqji3WDc0BCl2kBwiJLCXpzLzUBLgmp4veFZdvN5ChW4Eq/8Fc2Fg==",
      "cpu": [
        "arm64"
      ],
      "dev": true,
      "license": "MIT",
      "optional": true,
      "os": [
        "linux"
      ],
      "engines": {
        "node": ">=18"
      }
    },
    "node_modules/@esbuild/linux-ia32": {
      "version": "0.27.3",
      "resolved": "https://registry.npmjs.org/@esbuild/linux-ia32/-/linux-ia32-0.27.3.tgz",
      "integrity": "sha512-yGlQYjdxtLdh0a3jHjuwOrxQjOZYD/C9PfdbgJJF3TIZWnm/tMd/RcNiLngiu4iwcBAOezdnSLAwQDPqTmtTYg==",
      "cpu": [
        "ia32"
      ],
      "dev": true,
      "license": "MIT",
      "optional": true,
      "os": [
        "linux"
      ],
      "engines": {
        "node": ">=18"
      }
    },
    "node_modules/@esbuild/linux-loong64": {
      "version": "0.27.3",
      "resolved": "https://registry.npmjs.org/@esbuild/linux-loong64/-/linux-loong64-0.27.3.tgz",
      "integrity": "sha512-WO60Sn8ly3gtzhyjATDgieJNet/KqsDlX5nRC5Y3oTFcS1l0KWba+SEa9Ja1GfDqSF1z6hif/SkpQJbL63cgOA==",
      "cpu": [
        "loong64"
      ],
      "dev": true,
      "license": "MIT",
      "optional": true,
      "os": [
        "linux"
      ],
      "engines": {
        "node": ">=18"
      }
    },
    "node_modules/@esbuild/linux-mips64el": {
      "version": "0.27.3",
      "resolved": "https://registry.npmjs.org/@esbuild/linux-mips64el/-/linux-mips64el-0.27.3.tgz",
      "integrity": "sha512-APsymYA6sGcZ4pD6k+UxbDjOFSvPWyZhjaiPyl/f79xKxwTnrn5QUnXR5prvetuaSMsb4jgeHewIDCIWljrSxw==",
      "cpu": [
        "mips64el"
      ],
      "dev": true,
      "license": "MIT",
      "optional": true,
      "os": [
        "linux"
      ],
      "engines": {
        "node": ">=18"
      }
    },
    "node_modules/@esbuild/linux-ppc64": {
      "version": "0.27.3",
      "resolved": "https://registry.npmjs.org/@esbuild/linux-ppc64/-/linux-ppc64-0.27.3.tgz",
      "integrity": "sha512-eizBnTeBefojtDb9nSh4vvVQ3V9Qf9Df01PfawPcRzJH4gFSgrObw+LveUyDoKU3kxi5+9RJTCWlj4FjYXVPEA==",
      "cpu": [
        "ppc64"
      ],
      "dev": true,
      "license": "MIT",
      "optional": true,
      "os": [
        "linux"
      ],
      "engines": {
        "node": ">=18"
      }
    },
    "node_modules/@esbuild/linux-riscv64": {
      "version": "0.27.3",
      "resolved": "https://registry.npmjs.org/@esbuild/linux-riscv64/-/linux-riscv64-0.27.3.tgz",
      "integrity": "sha512-3Emwh0r5wmfm3ssTWRQSyVhbOHvqegUDRd0WhmXKX2mkHJe1SFCMJhagUleMq+Uci34wLSipf8Lagt4LlpRFWQ==",
      "cpu": [
        "riscv64"
      ],
      "dev": true,
      "license": "MIT",
      "optional": true,
      "os": [
        "linux"
      ],
      "engines": {
        "node": ">=18"
      }
    },
    "node_modules/@esbuild/linux-s390x": {
      "version": "0.27.3",
      "resolved": "https://registry.npmjs.org/@esbuild/linux-s390x/-/linux-s390x-0.27.3.tgz",
      "integrity": "sha512-pBHUx9LzXWBc7MFIEEL0yD/ZVtNgLytvx60gES28GcWMqil8ElCYR4kvbV2BDqsHOvVDRrOxGySBM9Fcv744hw==",
      "cpu": [
        "s390x"
      ],
      "dev": true,
      "license": "MIT",
      "optional": true,
      "os": [
        "linux"
      ],
      "engines": {
        "node": ">=18"
      }
    },
    "node_modules/@esbuild/linux-x64": {
      "version": "0.27.3",
      "resolved": "https://registry.npmjs.org/@esbuild/linux-x64/-/linux-x64-0.27.3.tgz",
      "integrity": "sha512-Czi8yzXUWIQYAtL/2y6vogER8pvcsOsk5cpwL4Gk5nJqH5UZiVByIY8Eorm5R13gq+DQKYg0+JyQoytLQas4dA==",
      "cpu": [
        "x64"
      ],
      "dev": true,
      "license": "MIT",
      "optional": true,
      "os": [
        "linux"
      ],
      "engines": {
        "node": ">=18"
      }
    },
    "node_modules/@esbuild/netbsd-arm64": {
      "version": "0.27.3",
      "resolved": "https://registry.npmjs.org/@esbuild/netbsd-arm64/-/netbsd-arm64-0.27.3.tgz",
      "integrity": "sha512-sDpk0RgmTCR/5HguIZa9n9u+HVKf40fbEUt+iTzSnCaGvY9kFP0YKBWZtJaraonFnqef5SlJ8/TiPAxzyS+UoA==",
      "cpu": [
        "arm64"
      ],
      "dev": true,
      "license": "MIT",
      "optional": true,
      "os": [
        "netbsd"
      ],
      "engines": {
        "node": ">=18"
      }
    },
    "node_modules/@esbuild/netbsd-x64": {
      "version": "0.27.3",
      "resolved": "https://registry.npmjs.org/@esbuild/netbsd-x64/-/netbsd-x64-0.27.3.tgz",
      "integrity": "sha512-P14lFKJl/DdaE00LItAukUdZO5iqNH7+PjoBm+fLQjtxfcfFE20Xf5CrLsmZdq5LFFZzb5JMZ9grUwvtVYzjiA==",
      "cpu": [
        "x64"
      ],
      "dev": true,
      "license": "MIT",
      "optional": true,
      "os": [
        "netbsd"
      ],
      "engines": {
        "node": ">=18"
      }
    },
    "node_modules/@esbuild/openbsd-arm64": {
      "version": "0.27.3",
      "resolved": "https://registry.npmjs.org/@esbuild/openbsd-arm64/-/openbsd-arm64-0.27.3.tgz",
      "integrity": "sha512-AIcMP77AvirGbRl/UZFTq5hjXK+2wC7qFRGoHSDrZ5v5b8DK/GYpXW3CPRL53NkvDqb9D+alBiC/dV0Fb7eJcw==",
      "cpu": [
        "arm64"
      ],
      "dev": true,
      "license": "MIT",
      "optional": true,
      "os": [
        "openbsd"
      ],
      "engines": {
        "node": ">=18"
      }
    },
    "node_modules/@esbuild/openbsd-x64": {
      "version": "0.27.3",
      "resolved": "https://registry.npmjs.org/@esbuild/openbsd-x64/-/openbsd-x64-0.27.3.tgz",
      "integrity": "sha512-DnW2sRrBzA+YnE70LKqnM3P+z8vehfJWHXECbwBmH/CU51z6FiqTQTHFenPlHmo3a8UgpLyH3PT+87OViOh1AQ==",
      "cpu": [
        "x64"
      ],
      "dev": true,
      "license": "MIT",
      "optional": true,
      "os": [
        "openbsd"
      ],
      "engines": {
        "node": ">=18"
      }
    },
    "node_modules/@esbuild/openharmony-arm64": {
      "version": "0.27.3",
      "resolved": "https://registry.npmjs.org/@esbuild/openharmony-arm64/-/openharmony-arm64-0.27.3.tgz",
      "integrity": "sha512-NinAEgr/etERPTsZJ7aEZQvvg/A6IsZG/LgZy+81wON2huV7SrK3e63dU0XhyZP4RKGyTm7aOgmQk0bGp0fy2g==",
      "cpu": [
        "arm64"
      ],
      "dev": true,
      "license": "MIT",
      "optional": true,
      "os": [
        "openharmony"
      ],
      "engines": {
        "node": ">=18"
      }
    },
    "node_modules/@esbuild/sunos-x64": {
      "version": "0.27.3",
      "resolved": "https://registry.npmjs.org/@esbuild/sunos-x64/-/sunos-x64-0.27.3.tgz",
      "integrity": "sha512-PanZ+nEz+eWoBJ8/f8HKxTTD172SKwdXebZ0ndd953gt1HRBbhMsaNqjTyYLGLPdoWHy4zLU7bDVJztF5f3BHA==",
      "cpu": [
        "x64"
      ],
      "dev": true,
      "license": "MIT",
      "optional": true,
      "os": [
        "sunos"
      ],
      "engines": {
        "node": ">=18"
      }
    },
    "node_modules/@esbuild/win32-arm64": {
      "version": "0.27.3",
      "resolved": "https://registry.npmjs.org/@esbuild/win32-arm64/-/win32-arm64-0.27.3.tgz",
      "integrity": "sha512-B2t59lWWYrbRDw/tjiWOuzSsFh1Y/E95ofKz7rIVYSQkUYBjfSgf6oeYPNWHToFRr2zx52JKApIcAS/D5TUBnA==",
      "cpu": [
        "arm64"
      ],
      "dev": true,
      "license": "MIT",
      "optional": true,
      "os": [
        "win32"
      ],
      "engines": {
        "node": ">=18"
      }
    },
    "node_modules/@esbuild/win32-ia32": {
      "version": "0.27.3",
      "resolved": "https://registry.npmjs.org/@esbuild/win32-ia32/-/win32-ia32-0.27.3.tgz",
      "integrity": "sha512-QLKSFeXNS8+tHW7tZpMtjlNb7HKau0QDpwm49u0vUp9y1WOF+PEzkU84y9GqYaAVW8aH8f3GcBck26jh54cX4Q==",
      "cpu": [
        "ia32"
      ],
      "dev": true,
      "license": "MIT",
      "optional": true,
      "os": [
        "win32"
      ],
      "engines": {
        "node": ">=18"
      }
    },
    "node_modules/@esbuild/win32-x64": {
      "version": "0.27.3",
      "resolved": "https://registry.npmjs.org/@esbuild/win32-x64/-/win32-x64-0.27.3.tgz",
      "integrity": "sha512-4uJGhsxuptu3OcpVAzli+/gWusVGwZZHTlS63hh++ehExkVT8SgiEf7/uC/PclrPPkLhZqGgCTjd0VWLo6xMqA==",
      "cpu": [
        "x64"
      ],
      "dev": true,
      "license": "MIT",
      "optional": true,
      "os": [
        "win32"
      ],
      "engines": {
        "node": ">=18"
      }
    },
    "node_modules/@kayahr/assert": {
      "version": "1.4.0",
      "resolved": "https://registry.npmjs.org/@kayahr/assert/-/assert-1.4.0.tgz",
      "integrity": "sha512-WZlpQ34uHxNdAXAAH7SooOpxllMHfxP4e07RJMhVQ7jDbQdj0HLYoOd/mcjy3DF1PEKI0Ou6+jg9FT8oTKOH/g==",
      "dev": true,
      "license": "MIT",
      "funding": {
        "url": "https://github.com/kayahr/assert?sponsor=1"
      }
    },
    "node_modules/@kayahr/cspell": {
      "version": "9.3.2-bundle.1",
      "resolved": "https://registry.npmjs.org/@kayahr/cspell/-/cspell-9.3.2-bundle.1.tgz",
      "integrity": "sha512-+JeG1afeuSA0Jf8LTDJVM1fejfdfas6c8JCGSJl/9q4Mzavb/SL/4wj5nEtn5G7oR55S/lBzlgbSjpESxKbVmw==",
      "dev": true,
      "license": "MIT",
      "bin": {
        "cspell": "lib/cspell.js"
      },
      "funding": {
        "url": "https://github.com/kayahr/cspell?sponsor=1"
      }
    },
    "node_modules/@kayahr/npm-utils": {
      "version": "1.1.1",
      "resolved": "https://registry.npmjs.org/@kayahr/npm-utils/-/npm-utils-1.1.1.tgz",
      "integrity": "sha512-7cSe8zhgYsMcolrlmRGpAXO/FkpaIl6fEsdgXKt2OA1ozxByjdPSrjFDMsI3zOaPM0wWulYmlIKhFKVzlW0z4g==",
      "dev": true,
      "license": "MIT",
      "bin": {
        "cp": "lib/main/cp.js",
        "rm": "lib/main/rm.js",
        "run": "lib/main/run.js"
      },
      "engines": {
        "node": ">=22.18.0"
      },
      "funding": {
        "url": "https://github.com/kayahr/npm-utils?sponsor=1"
      }
    },
    "node_modules/@kayahr/ntest": {
      "version": "1.3.0",
      "resolved": "https://registry.npmjs.org/@kayahr/ntest/-/ntest-1.3.0.tgz",
      "integrity": "sha512-75QPbxtyugisGCFSeDbLuPaijUMDoyqtcPQapZuWb/l+hzVEHJvhDWZVVvLNv5i2JTDYE4AF84MmF5qXTbwslg==",
      "dev": true,
      "license": "MIT",
      "bin": {
        "ntest": "lib/main/ntest.js"
      },
      "engines": {
        "node": ">=22.18.0"
      },
      "funding": {
        "url": "https://github.com/kayahr/ntest?sponsor=1"
      }
    },
    "node_modules/@kayahr/oxlint-config": {
      "version": "1.29.0",
      "resolved": "https://registry.npmjs.org/@kayahr/oxlint-config/-/oxlint-config-1.29.0.tgz",
      "integrity": "sha512-AwnCny64R49FhIQ075m0lOGF+1p6mf00y4PIqVw1LmmB2wRL70TpHokvdmDZaIYfPVSJleRO4WQGTGXkkoTgtA==",
      "dev": true,
      "license": "MIT",
      "dependencies": {
        "oxlint": "^1.51.0",
        "oxlint-tsgolint": "^0.16.0"
      },
      "funding": {
        "url": "https://github.com/kayahr/oxlint-config?sponsor=1"
      }
    },
    "node_modules/@kayahr/typedoc": {
      "version": "0.28.14-bundle.3",
      "resolved": "https://registry.npmjs.org/@kayahr/typedoc/-/typedoc-0.28.14-bundle.3.tgz",
      "integrity": "sha512-Kpq7/Vl7TvrriyM/Rf2JRakNEm7aVGaA7qJLLiUHIvXuUsKK0V/pcIxn5tDjPssBwenuAr06YJCccEhLsKh9wQ==",
      "dev": true,
      "license": "MIT",
      "bin": {
        "typedoc": "lib/bin/cli.js"
      },
      "funding": {
        "url": "https://github.com/kayahr/typedoc?sponsor=1"
      }
    },
    "node_modules/@oxlint-tsgolint/darwin-arm64": {
      "version": "0.16.0",
      "resolved": "https://registry.npmjs.org/@oxlint-tsgolint/darwin-arm64/-/darwin-arm64-0.16.0.tgz",
      "integrity": "sha512-WQt5lGwRPJBw7q2KNR0mSPDAaMmZmVvDlEEti96xLO7ONhyomQc6fBZxxwZ4qTFedjJnrHX94sFelZ4OKzS7UQ==",
      "cpu": [
        "arm64"
      ],
      "dev": true,
      "license": "MIT",
      "optional": true,
      "os": [
        "darwin"
      ]
    },
    "node_modules/@oxlint-tsgolint/darwin-x64": {
      "version": "0.16.0",
      "resolved": "https://registry.npmjs.org/@oxlint-tsgolint/darwin-x64/-/darwin-x64-0.16.0.tgz",
      "integrity": "sha512-VJo29XOzdkalvCTiE2v6FU3qZlgHaM8x8hUEVJGPU2i5W+FlocPpmn00+Ld2n7Q0pqIjyD5EyvZ5UmoIEJMfqg==",
      "cpu": [
        "x64"
      ],
      "dev": true,
      "license": "MIT",
      "optional": true,
      "os": [
        "darwin"
      ]
    },
    "node_modules/@oxlint-tsgolint/linux-arm64": {
      "version": "0.16.0",
      "resolved": "https://registry.npmjs.org/@oxlint-tsgolint/linux-arm64/-/linux-arm64-0.16.0.tgz",
      "integrity": "sha512-MPfqRt1+XRHv9oHomcBMQ3KpTE+CSkZz14wUxDQoqTNdUlV0HWdzwIE9q65I3D9YyxEnqpM7j4qtDQ3apqVvbQ==",
      "cpu": [
        "arm64"
      ],
      "dev": true,
      "license": "MIT",
      "optional": true,
      "os": [
        "linux"
      ]
    },
    "node_modules/@oxlint-tsgolint/linux-x64": {
      "version": "0.16.0",
      "resolved": "https://registry.npmjs.org/@oxlint-tsgolint/linux-x64/-/linux-x64-0.16.0.tgz",
      "integrity": "sha512-XQSwVUsnwLokMhe1TD6IjgvW5WMTPzOGGkdFDtXWQmlN2YeTw94s/NN0KgDrn2agM1WIgAenEkvnm0u7NgwEyw==",
      "cpu": [
        "x64"
      ],
      "dev": true,
      "license": "MIT",
      "optional": true,
      "os": [
        "linux"
      ]
    },
    "node_modules/@oxlint-tsgolint/win32-arm64": {
      "version": "0.16.0",
      "resolved": "https://registry.npmjs.org/@oxlint-tsgolint/win32-arm64/-/win32-arm64-0.16.0.tgz",
      "integrity": "sha512-EWdlspQiiFGsP2AiCYdhg5dTYyAlj6y1nRyNI2dQWq4Q/LITFHiSRVPe+7m7K7lcsZCEz2icN/bCeSkZaORqIg==",
      "cpu": [
        "arm64"
      ],
      "dev": true,
      "license": "MIT",
      "optional": true,
      "os": [
        "win32"
      ]
    },
    "node_modules/@oxlint-tsgolint/win32-x64": {
      "version": "0.16.0",
      "resolved": "https://registry.npmjs.org/@oxlint-tsgolint/win32-x64/-/win32-x64-0.16.0.tgz",
      "integrity": "sha512-1ufk8cgktXJuJZHKF63zCHAkaLMwZrEXnZ89H2y6NO85PtOXqu4zbdNl0VBpPP3fCUuUBu9RvNqMFiv0VsbXWA==",
      "cpu": [
        "x64"
      ],
      "dev": true,
      "license": "MIT",
      "optional": true,
      "os": [
        "win32"
      ]
    },
    "node_modules/@oxlint/binding-android-arm-eabi": {
      "version": "1.51.0",
      "resolved": "https://registry.npmjs.org/@oxlint/binding-android-arm-eabi/-/binding-android-arm-eabi-1.51.0.tgz",
      "integrity": "sha512-jJYIqbx4sX+suIxWstc4P7SzhEwb4ArWA2KVrmEuu9vH2i0qM6QIHz/ehmbGE4/2fZbpuMuBzTl7UkfNoqiSgw==",
      "cpu": [
        "arm"
      ],
      "dev": true,
      "license": "MIT",
      "optional": true,
      "os": [
        "android"
      ],
      "engines": {
        "node": "^20.19.0 || >=22.12.0"
      }
    },
    "node_modules/@oxlint/binding-android-arm64": {
      "version": "1.51.0",
      "resolved": "https://registry.npmjs.org/@oxlint/binding-android-arm64/-/binding-android-arm64-1.51.0.tgz",
      "integrity": "sha512-GtXyBCcH4ti98YdiMNCrpBNGitx87EjEWxevnyhcBK12k/Vu4EzSB45rzSC4fGFUD6sQgeaxItRCEEWeVwPafw==",
      "cpu": [
        "arm64"
      ],
      "dev": true,
      "license": "MIT",
      "optional": true,
      "os": [
        "android"
      ],
      "engines": {
        "node": "^20.19.0 || >=22.12.0"
      }
    },
    "node_modules/@oxlint/binding-darwin-arm64": {
      "version": "1.51.0",
      "resolved": "https://registry.npmjs.org/@oxlint/binding-darwin-arm64/-/binding-darwin-arm64-1.51.0.tgz",
      "integrity": "sha512-3QJbeYaMHn6Bh2XeBXuITSsbnIctyTjvHf5nRjKYrT9pPeErNIpp5VDEeAXC0CZSwSVTsc8WOSDwgrAI24JolQ==",
      "cpu": [
        "arm64"
      ],
      "dev": true,
      "license": "MIT",
      "optional": true,
      "os": [
        "darwin"
      ],
      "engines": {
        "node": "^20.19.0 || >=22.12.0"
      }
    },
    "node_modules/@oxlint/binding-darwin-x64": {
      "version": "1.51.0",
      "resolved": "https://registry.npmjs.org/@oxlint/binding-darwin-x64/-/binding-darwin-x64-1.51.0.tgz",
      "integrity": "sha512-NzErhMaTEN1cY0E8C5APy74lw5VwsNfJfVPBMWPVQLqAbO0k4FFLjvHURvkUL+Y18Wu+8Vs1kbqPh2hjXYA4pg==",
      "cpu": [
        "x64"
      ],
      "dev": true,
      "license": "MIT",
      "optional": true,
      "os": [
        "darwin"
      ],
      "engines": {
        "node": "^20.19.0 || >=22.12.0"
      }
    },
    "node_modules/@oxlint/binding-freebsd-x64": {
      "version": "1.51.0",
      "resolved": "https://registry.npmjs.org/@oxlint/binding-freebsd-x64/-/binding-freebsd-x64-1.51.0.tgz",
      "integrity": "sha512-msAIh3vPAoKoHlOE/oe6Q5C/n9umypv/k81lED82ibrJotn+3YG2Qp1kiR8o/Dg5iOEU97c6tl0utxcyFenpFw==",
      "cpu": [
        "x64"
      ],
      "dev": true,
      "license": "MIT",
      "optional": true,
      "os": [
        "freebsd"
      ],
      "engines": {
        "node": "^20.19.0 || >=22.12.0"
      }
    },
    "node_modules/@oxlint/binding-linux-arm-gnueabihf": {
      "version": "1.51.0",
      "resolved": "https://registry.npmjs.org/@oxlint/binding-linux-arm-gnueabihf/-/binding-linux-arm-gnueabihf-1.51.0.tgz",
      "integrity": "sha512-CqQPcvqYyMe9ZBot2stjGogEzk1z8gGAngIX7srSzrzexmXixwVxBdFZyxTVM0CjGfDeV+Ru0w25/WNjlMM2Hw==",
      "cpu": [
        "arm"
      ],
      "dev": true,
      "license": "MIT",
      "optional": true,
      "os": [
        "linux"
      ],
      "engines": {
        "node": "^20.19.0 || >=22.12.0"
      }
    },
    "node_modules/@oxlint/binding-linux-arm-musleabihf": {
      "version": "1.51.0",
      "resolved": "https://registry.npmjs.org/@oxlint/binding-linux-arm-musleabihf/-/binding-linux-arm-musleabihf-1.51.0.tgz",
      "integrity": "sha512-dstrlYQgZMnyOssxSbolGCge/sDbko12N/35RBNuqLpoPbft2aeBidBAb0dvQlyBd9RJ6u8D4o4Eh8Un6iTgyQ==",
      "cpu": [
        "arm"
      ],
      "dev": true,
      "license": "MIT",
      "optional": true,
      "os": [
        "linux"
      ],
      "engines": {
        "node": "^20.19.0 || >=22.12.0"
      }
    },
    "node_modules/@oxlint/binding-linux-arm64-gnu": {
      "version": "1.51.0",
      "resolved": "https://registry.npmjs.org/@oxlint/binding-linux-arm64-gnu/-/binding-linux-arm64-gnu-1.51.0.tgz",
      "integrity": "sha512-QEjUpXO7d35rP1/raLGGbAsBLLGZIzV3ZbeSjqWlD3oRnxpRIZ6iL4o51XQHkconn3uKssc+1VKdtHJ81BBhDA==",
      "cpu": [
        "arm64"
      ],
      "dev": true,
      "libc": [
        "glibc"
      ],
      "license": "MIT",
      "optional": true,
      "os": [
        "linux"
      ],
      "engines": {
        "node": "^20.19.0 || >=22.12.0"
      }
    },
    "node_modules/@oxlint/binding-linux-arm64-musl": {
      "version": "1.51.0",
      "resolved": "https://registry.npmjs.org/@oxlint/binding-linux-arm64-musl/-/binding-linux-arm64-musl-1.51.0.tgz",
      "integrity": "sha512-YSJua5irtG4DoMAjUapDTPhkQLHhBIY0G9JqlZS6/SZPzqDkPku/1GdWs0D6h/wyx0Iz31lNCfIaWKBQhzP0wQ==",
      "cpu": [
        "arm64"
      ],
      "dev": true,
      "libc": [
        "musl"
      ],
      "license": "MIT",
      "optional": true,
      "os": [
        "linux"
      ],
      "engines": {
        "node": "^20.19.0 || >=22.12.0"
      }
    },
    "node_modules/@oxlint/binding-linux-ppc64-gnu": {
      "version": "1.51.0",
      "resolved": "https://registry.npmjs.org/@oxlint/binding-linux-ppc64-gnu/-/binding-linux-ppc64-gnu-1.51.0.tgz",
      "integrity": "sha512-7L4Wj2IEUNDETKssB9IDYt16T6WlF+X2jgC/hBq3diGHda9vJLpAgb09+D3quFq7TdkFtI7hwz/jmuQmQFPc1Q==",
      "cpu": [
        "ppc64"
      ],
      "dev": true,
      "libc": [
        "glibc"
      ],
      "license": "MIT",
      "optional": true,
      "os": [
        "linux"
      ],
      "engines": {
        "node": "^20.19.0 || >=22.12.0"
      }
    },
    "node_modules/@oxlint/binding-linux-riscv64-gnu": {
      "version": "1.51.0",
      "resolved": "https://registry.npmjs.org/@oxlint/binding-linux-riscv64-gnu/-/binding-linux-riscv64-gnu-1.51.0.tgz",
      "integrity": "sha512-cBUHqtOXy76G41lOB401qpFoKx1xq17qYkhWrLSM7eEjiHM9sOtYqpr6ZdqCnN9s6ZpzudX4EkeHOFH2E9q0vA==",
      "cpu": [
        "riscv64"
      ],
      "dev": true,
      "libc": [
        "glibc"
      ],
      "license": "MIT",
      "optional": true,
      "os": [
        "linux"
      ],
      "engines": {
        "node": "^20.19.0 || >=22.12.0"
      }
    },
    "node_modules/@oxlint/binding-linux-riscv64-musl": {
      "version": "1.51.0",
      "resolved": "https://registry.npmjs.org/@oxlint/binding-linux-riscv64-musl/-/binding-linux-riscv64-musl-1.51.0.tgz",
      "integrity": "sha512-WKbg8CysgZcHfZX0ixQFBRSBvFZUHa3SBnEjHY2FVYt2nbNJEjzTxA3ZR5wMU0NOCNKIAFUFvAh5/XJKPRJuJg==",
      "cpu": [
        "riscv64"
      ],
      "dev": true,
      "libc": [
        "musl"
      ],
      "license": "MIT",
      "optional": true,
      "os": [
        "linux"
      ],
      "engines": {
        "node": "^20.19.0 || >=22.12.0"
      }
    },
    "node_modules/@oxlint/binding-linux-s390x-gnu": {
      "version": "1.51.0",
      "resolved": "https://registry.npmjs.org/@oxlint/binding-linux-s390x-gnu/-/binding-linux-s390x-gnu-1.51.0.tgz",
      "integrity": "sha512-N1QRUvJTxqXNSu35YOufdjsAVmKVx5bkrggOWAhTWBc3J4qjcBwr1IfyLh/6YCg8sYRSR1GraldS9jUgJL/U4A==",
      "cpu": [
        "s390x"
      ],
      "dev": true,
      "libc": [
        "glibc"
      ],
      "license": "MIT",
      "optional": true,
      "os": [
        "linux"
      ],
      "engines": {
        "node": "^20.19.0 || >=22.12.0"
      }
    },
    "node_modules/@oxlint/binding-linux-x64-gnu": {
      "version": "1.51.0",
      "resolved": "https://registry.npmjs.org/@oxlint/binding-linux-x64-gnu/-/binding-linux-x64-gnu-1.51.0.tgz",
      "integrity": "sha512-e0Mz0DizsCoqNIjeOg6OUKe8JKJWZ5zZlwsd05Bmr51Jo3AOL4UJnPvwKumr4BBtBrDZkCmOLhCvDGm95nJM2g==",
      "cpu": [
        "x64"
      ],
      "dev": true,
      "libc": [
        "glibc"
      ],
      "license": "MIT",
      "optional": true,
      "os": [
        "linux"
      ],
      "engines": {
        "node": "^20.19.0 || >=22.12.0"
      }
    },
    "node_modules/@oxlint/binding-linux-x64-musl": {
      "version": "1.51.0",
      "resolved": "https://registry.npmjs.org/@oxlint/binding-linux-x64-musl/-/binding-linux-x64-musl-1.51.0.tgz",
      "integrity": "sha512-wD8HGTWhYBKXvRDvoBVB1y+fEYV01samhWQSy1Zkxq2vpezvMnjaFKRuiP6tBNITLGuffbNDEXOwcAhJ3gI5Ug==",
      "cpu": [
        "x64"
      ],
      "dev": true,
      "libc": [
        "musl"
      ],
      "license": "MIT",
      "optional": true,
      "os": [
        "linux"
      ],
      "engines": {
        "node": "^20.19.0 || >=22.12.0"
      }
    },
    "node_modules/@oxlint/binding-openharmony-arm64": {
      "version": "1.51.0",
      "resolved": "https://registry.npmjs.org/@oxlint/binding-openharmony-arm64/-/binding-openharmony-arm64-1.51.0.tgz",
      "integrity": "sha512-5NSwQ2hDEJ0GPXqikjWtwzgAQCsS7P9aLMNenjjKa+gknN3lTCwwwERsT6lKXSirfU3jLjexA2XQvQALh5h27w==",
      "cpu": [
        "arm64"
      ],
      "dev": true,
      "license": "MIT",
      "optional": true,
      "os": [
        "openharmony"
      ],
      "engines": {
        "node": "^20.19.0 || >=22.12.0"
      }
    },
    "node_modules/@oxlint/binding-win32-arm64-msvc": {
      "version": "1.51.0",
      "resolved": "https://registry.npmjs.org/@oxlint/binding-win32-arm64-msvc/-/binding-win32-arm64-msvc-1.51.0.tgz",
      "integrity": "sha512-JEZyah1M0RHMw8d+jjSSJmSmO8sABA1J1RtrHYujGPeCkYg1NeH0TGuClpe2h5QtioRTaF57y/TZfn/2IFV6fA==",
      "cpu": [
        "arm64"
      ],
      "dev": true,
      "license": "MIT",
      "optional": true,
      "os": [
        "win32"
      ],
      "engines": {
        "node": "^20.19.0 || >=22.12.0"
      }
    },
    "node_modules/@oxlint/binding-win32-ia32-msvc": {
      "version": "1.51.0",
      "resolved": "https://registry.npmjs.org/@oxlint/binding-win32-ia32-msvc/-/binding-win32-ia32-msvc-1.51.0.tgz",
      "integrity": "sha512-q3cEoKH6kwjz/WRyHwSf0nlD2F5Qw536kCXvmlSu+kaShzgrA0ojmh45CA81qL+7udfCaZL2SdKCZlLiGBVFlg==",
      "cpu": [
        "ia32"
      ],
      "dev": true,
      "license": "MIT",
      "optional": true,
      "os": [
        "win32"
      ],
      "engines": {
        "node": "^20.19.0 || >=22.12.0"
      }
    },
    "node_modules/@oxlint/binding-win32-x64-msvc": {
      "version": "1.51.0",
      "resolved": "https://registry.npmjs.org/@oxlint/binding-win32-x64-msvc/-/binding-win32-x64-msvc-1.51.0.tgz",
      "integrity": "sha512-Q14+fOGb9T28nWF/0EUsYqERiRA7cl1oy4TJrGmLaqhm+aO2cV+JttboHI3CbdeMCAyDI1+NoSlrM7Melhp/cw==",
      "cpu": [
        "x64"
      ],
      "dev": true,
      "license": "MIT",
      "optional": true,
      "os": [
        "win32"
      ],
      "engines": {
        "node": "^20.19.0 || >=22.12.0"
      }
    },
    "node_modules/@standard-schema/spec": {
      "version": "1.1.0",
      "resolved": "https://registry.npmjs.org/@standard-schema/spec/-/spec-1.1.0.tgz",
      "integrity": "sha512-l2aFy5jALhniG5HgqrD6jXLi/rUWrKvqN/qJx6yoJsgKhblVd+iqqU4RCXavm/jPityDo5TCvKMnpjKnOriy0w==",
      "license": "MIT"
    },
    "node_modules/@types/node": {
      "version": "25.3.5",
      "resolved": "https://registry.npmjs.org/@types/node/-/node-25.3.5.tgz",
      "integrity": "sha512-oX8xrhvpiyRCQkG1MFchB09f+cXftgIXb3a7UUa4Y3wpmZPw5tyZGTLWhlESOLq1Rq6oDlc8npVU2/9xiCuXMA==",
      "dev": true,
      "license": "MIT",
      "dependencies": {
        "undici-types": "~7.18.0"
      }
    },
    "node_modules/base64-js": {
      "version": "1.5.1",
      "resolved": "https://registry.npmjs.org/base64-js/-/base64-js-1.5.1.tgz",
      "integrity": "sha512-AKpaYlHn8t4SVbOHCy+b5+KKgvR4vrsD8vbvrbiQJps7fKDTkjkDry6ji0rUJjC0kzbNePLwzxq8iypo41qeWA==",
      "funding": [
        {
          "type": "github",
          "url": "https://github.com/sponsors/feross"
        },
        {
          "type": "patreon",
          "url": "https://www.patreon.com/feross"
        },
        {
          "type": "consulting",
          "url": "https://feross.org/support"
        }
      ],
      "license": "MIT"
    },
    "node_modules/esbuild": {
      "version": "0.27.3",
      "resolved": "https://registry.npmjs.org/esbuild/-/esbuild-0.27.3.tgz",
      "integrity": "sha512-8VwMnyGCONIs6cWue2IdpHxHnAjzxnw2Zr7MkVxB2vjmQ2ivqGFb4LEG3SMnv0Gb2F/G/2yA8zUaiL1gywDCCg==",
      "dev": true,
      "hasInstallScript": true,
      "license": "MIT",
      "bin": {
        "esbuild": "bin/esbuild"
      },
      "engines": {
        "node": ">=18"
      },
      "optionalDependencies": {
        "@esbuild/aix-ppc64": "0.27.3",
        "@esbuild/android-arm": "0.27.3",
        "@esbuild/android-arm64": "0.27.3",
        "@esbuild/android-x64": "0.27.3",
        "@esbuild/darwin-arm64": "0.27.3",
        "@esbuild/darwin-x64": "0.27.3",
        "@esbuild/freebsd-arm64": "0.27.3",
        "@esbuild/freebsd-x64": "0.27.3",
        "@esbuild/linux-arm": "0.27.3",
        "@esbuild/linux-arm64": "0.27.3",
        "@esbuild/linux-ia32": "0.27.3",
        "@esbuild/linux-loong64": "0.27.3",
        "@esbuild/linux-mips64el": "0.27.3",
        "@esbuild/linux-ppc64": "0.27.3",
        "@esbuild/linux-riscv64": "0.27.3",
        "@esbuild/linux-s390x": "0.27.3",
        "@esbuild/linux-x64": "0.27.3",
        "@esbuild/netbsd-arm64": "0.27.3",
        "@esbuild/netbsd-x64": "0.27.3",
        "@esbuild/openbsd-arm64": "0.27.3",
        "@esbuild/openbsd-x64": "0.27.3",
        "@esbuild/openharmony-arm64": "0.27.3",
        "@esbuild/sunos-x64": "0.27.3",
        "@esbuild/win32-arm64": "0.27.3",
        "@esbuild/win32-ia32": "0.27.3",
        "@esbuild/win32-x64": "0.27.3"
      }
    },
    "node_modules/esbuild-copy-static-files": {
      "version": "0.1.0",
      "resolved": "https://registry.npmjs.org/esbuild-copy-static-files/-/esbuild-copy-static-files-0.1.0.tgz",
      "integrity": "sha512-KlpmYqANA1t2nZavEdItfcOjJC6wbHA21v35HJWN32DddGTWKNNGDKljUzbCPojmpD+wAw8/DXr5abJ4jFCE0w==",
      "dev": true,
      "license": "MIT"
    },
    "node_modules/lz-string": {
      "version": "1.5.0",
      "resolved": "https://registry.npmjs.org/lz-string/-/lz-string-1.5.0.tgz",
      "integrity": "sha512-h5bgJWpxJNswbU7qCrV0tIKQCaS3blPDrqKWx+QxzuzL1zGUzij9XCWLrSLsJPu5t+eWA/ycetzYAO5IOMcWAQ==",
      "license": "MIT",
      "bin": {
        "lz-string": "bin/bin.js"
      }
    },
    "node_modules/oxlint": {
      "version": "1.51.0",
      "resolved": "https://registry.npmjs.org/oxlint/-/oxlint-1.51.0.tgz",
      "integrity": "sha512-g6DNPaV9/WI9MoX2XllafxQuxwY1TV++j7hP8fTJByVBuCoVtm3dy9f/2vtH/HU40JztcgWF4G7ua+gkainklQ==",
      "dev": true,
      "license": "MIT",
      "bin": {
        "oxlint": "bin/oxlint"
      },
      "engines": {
        "node": "^20.19.0 || >=22.12.0"
      },
      "funding": {
        "url": "https://github.com/sponsors/Boshen"
      },
      "optionalDependencies": {
        "@oxlint/binding-android-arm-eabi": "1.51.0",
        "@oxlint/binding-android-arm64": "1.51.0",
        "@oxlint/binding-darwin-arm64": "1.51.0",
        "@oxlint/binding-darwin-x64": "1.51.0",
        "@oxlint/binding-freebsd-x64": "1.51.0",
        "@oxlint/binding-linux-arm-gnueabihf": "1.51.0",
        "@oxlint/binding-linux-arm-musleabihf": "1.51.0",
        "@oxlint/binding-linux-arm64-gnu": "1.51.0",
        "@oxlint/binding-linux-arm64-musl": "1.51.0",
        "@oxlint/binding-linux-ppc64-gnu": "1.51.0",
        "@oxlint/binding-linux-riscv64-gnu": "1.51.0",
        "@oxlint/binding-linux-riscv64-musl": "1.51.0",
        "@oxlint/binding-linux-s390x-gnu": "1.51.0",
        "@oxlint/binding-linux-x64-gnu": "1.51.0",
        "@oxlint/binding-linux-x64-musl": "1.51.0",
        "@oxlint/binding-openharmony-arm64": "1.51.0",
        "@oxlint/binding-win32-arm64-msvc": "1.51.0",
        "@oxlint/binding-win32-ia32-msvc": "1.51.0",
        "@oxlint/binding-win32-x64-msvc": "1.51.0"
      },
      "peerDependencies": {
        "oxlint-tsgolint": ">=0.15.0"
      },
      "peerDependenciesMeta": {
        "oxlint-tsgolint": {
          "optional": true
        }
      }
    },
    "node_modules/oxlint-tsgolint": {
      "version": "0.16.0",
      "resolved": "https://registry.npmjs.org/oxlint-tsgolint/-/oxlint-tsgolint-0.16.0.tgz",
      "integrity": "sha512-4RuJK2jP08XwqtUu+5yhCbxEauCm6tv2MFHKEMsjbosK2+vy5us82oI3VLuHwbNyZG7ekZA26U2LLHnGR4frIA==",
      "dev": true,
      "license": "MIT",
      "bin": {
        "tsgolint": "bin/tsgolint.js"
      },
      "optionalDependencies": {
        "@oxlint-tsgolint/darwin-arm64": "0.16.0",
        "@oxlint-tsgolint/darwin-x64": "0.16.0",
        "@oxlint-tsgolint/linux-arm64": "0.16.0",
        "@oxlint-tsgolint/linux-x64": "0.16.0",
        "@oxlint-tsgolint/win32-arm64": "0.16.0",
        "@oxlint-tsgolint/win32-x64": "0.16.0"
      }
    },
    "node_modules/rxjs": {
      "version": "7.8.2",
      "resolved": "https://registry.npmjs.org/rxjs/-/rxjs-7.8.2.tgz",
      "integrity": "sha512-dhKf903U/PQZY6boNNtAGdWbG85WAbjT/1xYoZIC7FAY0yWapOBQVsVrDl58W86//e1VpMNBtRV4MaXfdMySFA==",
      "license": "Apache-2.0",
      "peer": true,
      "dependencies": {
        "tslib": "^2.1.0"
      }
    },
    "node_modules/tslib": {
      "version": "2.8.1",
      "resolved": "https://registry.npmjs.org/tslib/-/tslib-2.8.1.tgz",
      "integrity": "sha512-oJFu94HQb+KVduSUQL7wnpmqnfmLsOA/nAh6b6EH0wCEoK0/mPeXU6c3wKDV83MkOuHPRHtSXKKU99IBazS/2w==",
      "license": "0BSD"
    },
    "node_modules/typescript": {
      "version": "5.9.3",
      "resolved": "https://registry.npmjs.org/typescript/-/typescript-5.9.3.tgz",
      "integrity": "sha512-jl1vZzPDinLr9eUt3J/t7V6FgNEw9QjvBPdysz9KfQDD41fQrC2Y4vKQdiaUpFT4bXlb1RHhLpp8wtm6M5TgSw==",
      "dev": true,
      "license": "Apache-2.0",
      "bin": {
        "tsc": "bin/tsc",
        "tsserver": "bin/tsserver"
      },
      "engines": {
        "node": ">=14.17"
      }
    },
    "node_modules/undici-types": {
      "version": "7.18.2",
      "resolved": "https://registry.npmjs.org/undici-types/-/undici-types-7.18.2.tgz",
      "integrity": "sha512-AsuCzffGHJybSaRrmr5eHr81mwJU3kjw6M+uprWvCXiNeN9SOGwQ3Jn8jb8m3Z6izVgknn1R0FTCEAP2QrLY/w==",
      "dev": true,
      "license": "MIT"
    },
    "node_modules/zone.js": {
      "version": "0.16.1",
      "resolved": "https://registry.npmjs.org/zone.js/-/zone.js-0.16.1.tgz",
      "integrity": "sha512-dpvY17vxYIW3+bNrP0ClUlaiY0CiIRK3tnoLaGoQsQcY9/I/NpzIWQ7tQNhbV7LacQMpCII6wVzuL3tuWOyfuA==",
      "license": "MIT"
    }
  }
}
